Microsoft Visual Studio Solution File, Format Version 8.00
Project("{8BC9CEB8-8B4A-11D0-8D11-00A0C91BC942}") = "All", "All.vcproj", "{0D811160-3A03-4C59-9610-498786BAFECE}"
	ProjectSection(ProjectDependencies) = postProject
		{06CA8800-62E7-4FA8-BA7B-3607F27491B8} = {06CA8800-62E7-4FA8-BA7B-3607F27491B8}
		{06CA8800-62E7-4FA8-BA7B-3607F27491B8} = {06CA8800-62E7-4FA8-BA7B-3607F27491B8}
		{2C04DB01-39CA-458C-AE59-19FD215775D5} = {2C04DB01-39CA-458C-AE59-19FD215775D5}
		{2C04DB01-39CA-458C-AE59-19FD215775D5} = {2C04DB01-39CA-458C-AE59-19FD215775D5}
		{7DB13706-F0ED-4EA8-BE14-E4D62D500C67} = {7DB13706-F0ED-4EA8-BE14-E4D62D500C67}
		{7DB13706-F0ED-4EA8-BE14-E4D62D500C67} = {7DB13706-F0ED-4EA8-BE14-E4D62D500C67}
		{EBCDC006-A873-4DA9-9CA6-B6BE320C0DFD} = {EBCDC006-A873-4DA9-9CA6-B6BE320C0DFD}
		{EBCDC006-A873-4DA9-9CA6-B6BE320C0DFD} = {EBCDC006-A873-4DA9-9CA6-B6BE320C0DFD}
		{992FB60D-4EC6-44FF-A0A7-EB1F7C38C7D0} = {992FB60D-4EC6-44FF-A0A7-EB1F7C38C7D0}
		{992FB60D-4EC6-44FF-A0A7-EB1F7C38C7D0} = {992FB60D-4EC6-44FF-A0A7-EB1F7C38C7D0}
		{FFFB9D11-6A57-40FC-AD8E-060463036430} = {FFFB9D11-6A57-40FC-AD8E-060463036430}
		{FFFB9D11-6A57-40FC-AD8E-060463036430} = {FFFB9D11-6A57-40FC-AD8E-060463036430}
		{36CA5C15-A7E6-4451-AE8E-8AD61754F970} = {36CA5C15-A7E6-4451-AE8E-8AD61754F970}
		{36CA5C15-A7E6-4451-AE8E-8AD61754F970} = {36CA5C15-A7E6-4451-AE8E-8AD61754F970}
		{81C2B225-3839-46AF-8984-F273B72F2643} = {81C2B225-3839-46AF-8984-F273B72F2643}
		{81C2B225-3839-46AF-8984-F273B72F2643} = {81C2B225-3839-46AF-8984-F273B72F2643}
		{37FA9C33-4512-4833-A4A7-CCF490ADD732} = {37FA9C33-4512-4833-A4A7-CCF490ADD732}
		{37FA9C33-4512-4833-A4A7-CCF490ADD732} = {37FA9C33-4512-4833-A4A7-CCF490ADD732}
		{4B9BF133-1E25-4C6E-9233-651833F22313} = {4B9BF133-1E25-4C6E-9233-651833F22313}
		{4B9BF133-1E25-4C6E-9233-651833F22313} = {4B9BF133-1E25-4C6E-9233-651833F22313}
		{8512A935-1BBB-4A7B-A552-F50824FDD87F} = {8512A935-1BBB-4A7B-A552-F50824FDD87F}
		{8512A935-1BBB-4A7B-A552-F50824FDD87F} = {8512A935-1BBB-4A7B-A552-F50824FDD87F}
		{95BB714A-DC0E-44E9-BF0E-EEF8EAA29995} = {95BB714A-DC0E-44E9-BF0E-EEF8EAA29995}
		{95BB714A-DC0E-44E9-BF0E-EEF8EAA29995} = {95BB714A-DC0E-44E9-BF0E-EEF8EAA29995}
		{03745A4D-76B7-4384-8A1A-FE7EDABF907A} = {03745A4D-76B7-4384-8A1A-FE7EDABF907A}
		{03745A4D-76B7-4384-8A1A-FE7EDABF907A} = {03745A4D-76B7-4384-8A1A-FE7EDABF907A}
		{AF21595C-7BAA-45B9-BBF9-C915EA948265} = {AF21595C-7BAA-45B9-BBF9-C915EA948265}
		{AF21595C-7BAA-45B9-BBF9-C915EA948265} = {AF21595C-7BAA-45B9-BBF9-C915EA948265}
		{C8FB7D64-0A82-4588-8D27-2B7CC6C2EA85} = {C8FB7D64-0A82-4588-8D27-2B7CC6C2EA85}
		{C8FB7D64-0A82-4588-8D27-2B7CC6C2EA85} = {C8FB7D64-0A82-4588-8D27-2B7CC6C2EA85}
		{C98BE26C-288F-4864-B118-3DE0A3A185FC} = {C98BE26C-288F-4864-B118-3DE0A3A185FC}
		{C98BE26C-288F-4864-B118-3DE0A3A185FC} = {C98BE26C-288F-4864-B118-3DE0A3A185FC}
		{9A402780-A438-40A3-A47D-8016CA8A45C0} = {9A402780-A438-40A3-A47D-8016CA8A45C0}
		{9A402780-A438-40A3-A47D-8016CA8A45C0} = {9A402780-A438-40A3-A47D-8016CA8A45C0}
		{B5C36D8A-9C97-4516-9C13-14053BAB356F} = {B5C36D8A-9C97-4516-9C13-14053BAB356F}
		{B5C36D8A-9C97-4516-9C13-14053BAB356F} = {B5C36D8A-9C97-4516-9C13-14053BAB356F}
		{C3A1EE8B-C548-4A37-B49A-D322128EE161} = {C3A1EE8B-C548-4A37-B49A-D322128EE161}
		{C3A1EE8B-C548-4A37-B49A-D322128EE161} = {C3A1EE8B-C548-4A37-B49A-D322128EE161}
		{961D1F90-2AF9-4D8B-B1D5-061EB3CA4474} = {961D1F90-2AF9-4D8B-B1D5-061EB3CA4474}
		{961D1F90-2AF9-4D8B-B1D5-061EB3CA4474} = {961D1F90-2AF9-4D8B-B1D5-061EB3CA4474}
		{29831E95-B38D-4460-A46F-A4A4E1EE3941} = {29831E95-B38D-4460-A46F-A4A4E1EE3941}
		{29831E95-B38D-4460-A46F-A4A4E1EE3941} = {29831E95-B38D-4460-A46F-A4A4E1EE3941}
		{FB6C629D-AA74-468E-95B7-9C1A3F2C235E} = {FB6C629D-AA74-468E-95B7-9C1A3F2C235E}
		{FB6C629D-AA74-468E-95B7-9C1A3F2C235E} = {FB6C629D-AA74-468E-95B7-9C1A3F2C235E}
		{65E1D3A3-FCB4-4C48-97E6-687BEEFE2F1A} = {65E1D3A3-FCB4-4C48-97E6-687BEEFE2F1A}
		{65E1D3A3-FCB4-4C48-97E6-687BEEFE2F1A} = {65E1D3A3-FCB4-4C48-97E6-687BEEFE2F1A}
		{4916EEA5-82E5-4C0F-9F12-119129144D84} = {4916EEA5-82E5-4C0F-9F12-119129144D84}
		{4916EEA5-82E5-4C0F-9F12-119129144D84} = {4916EEA5-82E5-4C0F-9F12-119129144D84}
		{6755FAA7-967A-4D23-966D-DE4F66234913} = {6755FAA7-967A-4D23-966D-DE4F66234913}
		{6755FAA7-967A-4D23-966D-DE4F66234913} = {6755FAA7-967A-4D23-966D-DE4F66234913}
		{450F05A8-106A-496D-BB04-F0B0F530617F} = {450F05A8-106A-496D-BB04-F0B0F530617F}
		{450F05A8-106A-496D-BB04-F0B0F530617F} = {450F05A8-106A-496D-BB04-F0B0F530617F}
		{F33BDEB3-AC58-4A0C-8E4C-3671A9C8F217} = {F33BDEB3-AC58-4A0C-8E4C-3671A9C8F217}
		{F33BDEB3-AC58-4A0C-8E4C-3671A9C8F217} = {F33BDEB3-AC58-4A0C-8E4C-3671A9C8F217}
		{D2CA8DB5-A2DE-4EF9-B967-0F639736469F} = {D2CA8DB5-A2DE-4EF9-B967-0F639736469F}
		{D2CA8DB5-A2DE-4EF9-B967-0F639736469F} = {D2CA8DB5-A2DE-4EF9-B967-0F639736469F}
		{D5E571BF-0C2E-4513-8BF0-A7A54E4EA973} = {D5E571BF-0C2E-4513-8BF0-A7A54E4EA973}
		{D5E571BF-0C2E-4513-8BF0-A7A54E4EA973} = {D5E571BF-0C2E-4513-8BF0-A7A54E4EA973}
		{9EA751D5-767C-45CC-AA52-283E69308EB7} = {9EA751D5-767C-45CC-AA52-283E69308EB7}
		{9EA751D5-767C-45CC-AA52-283E69308EB7} = {9EA751D5-767C-45CC-AA52-283E69308EB7}
		{692700DF-6A4F-43F2-8D83-02DCE38D504E} = {692700DF-6A4F-43F2-8D83-02DCE38D504E}
		{692700DF-6A4F-43F2-8D83-02DCE38D504E} = {692700DF-6A4F-43F2-8D83-02DCE38D504E}
		{61A10AE8-804F-4DCA-AD69-8DB0DA95A75F} = {61A10AE8-804F-4DCA-AD69-8DB0DA95A75F}
		{61A10AE8-804F-4DCA-AD69-8DB0DA95A75F} = {61A10AE8-804F-4DCA-AD69-8DB0DA95A75F}
		{030D5DEC-1357-4D1E-9275-4EE4B0A482B0} = {030D5DEC-1357-4D1E-9275-4EE4B0A482B0}
		{030D5DEC-1357-4D1E-9275-4EE4B0A482B0} = {030D5DEC-1357-4D1E-9275-4EE4B0A482B0}
		{447B72EF-4B7D-4200-A92E-BDE789576117} = {447B72EF-4B7D-4200-A92E-BDE789576117}
		{447B72EF-4B7D-4200-A92E-BDE789576117} = {447B72EF-4B7D-4200-A92E-BDE789576117}
		{AE9A31F5-1301-4E6D-91A3-E78DF4ABF0EA} = {AE9A31F5-1301-4E6D-91A3-E78DF4ABF0EA}
		{AE9A31F5-1301-4E6D-91A3-E78DF4ABF0EA} = {AE9A31F5-1301-4E6D-91A3-E78DF4ABF0EA}
	EndProjectSection
EndProject
Project("{8BC9CEB8-8B4A-11D0-8D11-00A0C91BC942}") = "CAF", "CAF.vcproj", "{EBCDC006-A873-4DA9-9CA6-B6BE320C0DFD}"
	ProjectSection(ProjectDependencies) = postProject
		{8512A935-1BBB-4A7B-A552-F50824FDD87F} = {8512A935-1BBB-4A7B-A552-F50824FDD87F}
		{961D1F90-2AF9-4D8B-B1D5-061EB3CA4474} = {961D1F90-2AF9-4D8B-B1D5-061EB3CA4474}
		{29831E95-B38D-4460-A46F-A4A4E1EE3941} = {29831E95-B38D-4460-A46F-A4A4E1EE3941}
	EndProjectSection
EndProject
Project("{8BC9CEB8-8B4A-11D0-8D11-00A0C91BC942}") = "CAM", "CAM.vcproj", "{37FA9C33-4512-4833-A4A7-CCF490ADD732}"
	ProjectSection(ProjectDependencies) = postProject
		{8512A935-1BBB-4A7B-A552-F50824FDD87F} = {8512A935-1BBB-4A7B-A552-F50824FDD87F}
		{961D1F90-2AF9-4D8B-B1D5-061EB3CA4474} = {961D1F90-2AF9-4D8B-B1D5-061EB3CA4474}
		{29831E95-B38D-4460-A46F-A4A4E1EE3941} = {29831E95-B38D-4460-A46F-A4A4E1EE3941}
	EndProjectSection
EndProject
Project("{8BC9CEB8-8B4A-11D0-8D11-00A0C91BC942}") = "Event", "Event.vcproj", "{9EA751D5-767C-45CC-AA52-283E69308EB7}"
	ProjectSection(ProjectDependencies) = postProject
	EndProjectSection
EndProject
Project("{8BC9CEB8-8B4A-11D0-8D11-00A0C91BC942}") = "GLViewer", "GLViewer.vcproj", "{4B9BF133-1E25-4C6E-9233-651833F22313}"
	ProjectSection(ProjectDependencies) = postProject
		{8512A935-1BBB-4A7B-A552-F50824FDD87F} = {8512A935-1BBB-4A7B-A552-F50824FDD87F}
		{961D1F90-2AF9-4D8B-B1D5-061EB3CA4474} = {961D1F90-2AF9-4D8B-B1D5-061EB3CA4474}
	EndProjectSection
EndProject
Project("{8BC9CEB8-8B4A-11D0-8D11-00A0C91BC942}") = "LogWindow", "LogWindow.vcproj", "{7DB13706-F0ED-4EA8-BE14-E4D62D500C67}"
	ProjectSection(ProjectDependencies) = postProject
		{8512A935-1BBB-4A7B-A552-F50824FDD87F} = {8512A935-1BBB-4A7B-A552-F50824FDD87F}
		{961D1F90-2AF9-4D8B-B1D5-061EB3CA4474} = {961D1F90-2AF9-4D8B-B1D5-061EB3CA4474}
	EndProjectSection
EndProject
Project("{8BC9CEB8-8B4A-11D0-8D11-00A0C91BC942}") = "OBJECT", "OBJECT.vcproj", "{447B72EF-4B7D-4200-A92E-BDE789576117}"
	ProjectSection(ProjectDependencies) = postProject
		{8512A935-1BBB-4A7B-A552-F50824FDD87F} = {8512A935-1BBB-4A7B-A552-F50824FDD87F}
	EndProjectSection
EndProject
Project("{8BC9CEB8-8B4A-11D0-8D11-00A0C91BC942}") = "OCCViewer", "OCCViewer.vcproj", "{61A10AE8-804F-4DCA-AD69-8DB0DA95A75F}"
	ProjectSection(ProjectDependencies) = postProject
		{8512A935-1BBB-4A7B-A552-F50824FDD87F} = {8512A935-1BBB-4A7B-A552-F50824FDD87F}
		{961D1F90-2AF9-4D8B-B1D5-061EB3CA4474} = {961D1F90-2AF9-4D8B-B1D5-061EB3CA4474}
	EndProjectSection
EndProject
Project("{8BC9CEB8-8B4A-11D0-8D11-00A0C91BC942}") = "ObjBrowser", "ObjBrowser.vcproj", "{D2CA8DB5-A2DE-4EF9-B967-0F639736469F}"
	ProjectSection(ProjectDependencies) = postProject
		{8512A935-1BBB-4A7B-A552-F50824FDD87F} = {8512A935-1BBB-4A7B-A552-F50824FDD87F}
		{961D1F90-2AF9-4D8B-B1D5-061EB3CA4474} = {961D1F90-2AF9-4D8B-B1D5-061EB3CA4474}
	EndProjectSection
EndProject
Project("{8BC9CEB8-8B4A-11D0-8D11-00A0C91BC942}") = "Plot2d", "Plot2d.vcproj", "{D5E571BF-0C2E-4513-8BF0-A7A54E4EA973}"
	ProjectSection(ProjectDependencies) = postProject
		{8512A935-1BBB-4A7B-A552-F50824FDD87F} = {8512A935-1BBB-4A7B-A552-F50824FDD87F}
		{961D1F90-2AF9-4D8B-B1D5-061EB3CA4474} = {961D1F90-2AF9-4D8B-B1D5-061EB3CA4474}
	EndProjectSection
EndProject
Project("{8BC9CEB8-8B4A-11D0-8D11-00A0C91BC942}") = "Prs", "Prs.vcproj", "{F33BDEB3-AC58-4A0C-8E4C-3671A9C8F217}"
	ProjectSection(ProjectDependencies) = postProject
	EndProjectSection
EndProject
Project("{8BC9CEB8-8B4A-11D0-8D11-00A0C91BC942}") = "PyInterp", "PyInterp.vcproj", "{C98BE26C-288F-4864-B118-3DE0A3A185FC}"
	ProjectSection(ProjectDependencies) = postProject
	EndProjectSection
EndProject
Project("{8BC9CEB8-8B4A-11D0-8D11-00A0C91BC942}") = "PythonConsole", "PythonConsole.vcproj", "{992FB60D-4EC6-44FF-A0A7-EB1F7C38C7D0}"
	ProjectSection(ProjectDependencies) = postProject
		{8512A935-1BBB-4A7B-A552-F50824FDD87F} = {8512A935-1BBB-4A7B-A552-F50824FDD87F}
		{C98BE26C-288F-4864-B118-3DE0A3A185FC} = {C98BE26C-288F-4864-B118-3DE0A3A185FC}
		{961D1F90-2AF9-4D8B-B1D5-061EB3CA4474} = {961D1F90-2AF9-4D8B-B1D5-061EB3CA4474}
	EndProjectSection
EndProject
Project("{8BC9CEB8-8B4A-11D0-8D11-00A0C91BC942}") = "Qtx", "Qtx.vcproj", "{961D1F90-2AF9-4D8B-B1D5-061EB3CA4474}"
	ProjectSection(ProjectDependencies) = postProject
	EndProjectSection
EndProject
Project("{8BC9CEB8-8B4A-11D0-8D11-00A0C91BC942}") = "RegistryDisplay", "RegistryDisplay.vcproj", "{65E1D3A3-FCB4-4C48-97E6-687BEEFE2F1A}"
	ProjectSection(ProjectDependencies) = postProject
	EndProjectSection
EndProject
Project("{8BC9CEB8-8B4A-11D0-8D11-00A0C91BC942}") = "ResExporter", "ResExporter.vcproj", "{AF21595C-7BAA-45B9-BBF9-C915EA948265}"
	ProjectSection(ProjectDependencies) = postProject
		{8512A935-1BBB-4A7B-A552-F50824FDD87F} = {8512A935-1BBB-4A7B-A552-F50824FDD87F}
		{961D1F90-2AF9-4D8B-B1D5-061EB3CA4474} = {961D1F90-2AF9-4D8B-B1D5-061EB3CA4474}
	EndProjectSection
EndProject
Project("{8BC9CEB8-8B4A-11D0-8D11-00A0C91BC942}") = "SALOME_PYQT_GUI", "SALOME_PYQT_GUI.vcproj", "{9A402780-A438-40A3-A47D-8016CA8A45C0}"
	ProjectSection(ProjectDependencies) = postProject
		{FFFB9D11-6A57-40FC-AD8E-060463036430} = {FFFB9D11-6A57-40FC-AD8E-060463036430}
		{37FA9C33-4512-4833-A4A7-CCF490ADD732} = {37FA9C33-4512-4833-A4A7-CCF490ADD732}
		{8512A935-1BBB-4A7B-A552-F50824FDD87F} = {8512A935-1BBB-4A7B-A552-F50824FDD87F}
		{C8FB7D64-0A82-4588-8D27-2B7CC6C2EA85} = {C8FB7D64-0A82-4588-8D27-2B7CC6C2EA85}
		{C98BE26C-288F-4864-B118-3DE0A3A185FC} = {C98BE26C-288F-4864-B118-3DE0A3A185FC}
		{961D1F90-2AF9-4D8B-B1D5-061EB3CA4474} = {961D1F90-2AF9-4D8B-B1D5-061EB3CA4474}
		{29831E95-B38D-4460-A46F-A4A4E1EE3941} = {29831E95-B38D-4460-A46F-A4A4E1EE3941}
	EndProjectSection
EndProject
Project("{8BC9CEB8-8B4A-11D0-8D11-00A0C91BC942}") = "SALOME_SWIG", "SALOME_SWIG.vcproj", "{B5C36D8A-9C97-4516-9C13-14053BAB356F}"
	ProjectSection(ProjectDependencies) = postProject
		{FFFB9D11-6A57-40FC-AD8E-060463036430} = {FFFB9D11-6A57-40FC-AD8E-060463036430}
		{37FA9C33-4512-4833-A4A7-CCF490ADD732} = {37FA9C33-4512-4833-A4A7-CCF490ADD732}
		{8512A935-1BBB-4A7B-A552-F50824FDD87F} = {8512A935-1BBB-4A7B-A552-F50824FDD87F}
		{C8FB7D64-0A82-4588-8D27-2B7CC6C2EA85} = {C8FB7D64-0A82-4588-8D27-2B7CC6C2EA85}
		{F33BDEB3-AC58-4A0C-8E4C-3671A9C8F217} = {F33BDEB3-AC58-4A0C-8E4C-3671A9C8F217}
		{9EA751D5-767C-45CC-AA52-283E69308EB7} = {9EA751D5-767C-45CC-AA52-283E69308EB7}
		{447B72EF-4B7D-4200-A92E-BDE789576117} = {447B72EF-4B7D-4200-A92E-BDE789576117}
	EndProjectSection
EndProject
Project("{8BC9CEB8-8B4A-11D0-8D11-00A0C91BC942}") = "SOCC", "SOCC.vcproj", "{030D5DEC-1357-4D1E-9275-4EE4B0A482B0}"
	ProjectSection(ProjectDependencies) = postProject
		{81C2B225-3839-46AF-8984-F273B72F2643} = {81C2B225-3839-46AF-8984-F273B72F2643}
		{8512A935-1BBB-4A7B-A552-F50824FDD87F} = {8512A935-1BBB-4A7B-A552-F50824FDD87F}
		{961D1F90-2AF9-4D8B-B1D5-061EB3CA4474} = {961D1F90-2AF9-4D8B-B1D5-061EB3CA4474}
		{F33BDEB3-AC58-4A0C-8E4C-3671A9C8F217} = {F33BDEB3-AC58-4A0C-8E4C-3671A9C8F217}
		{61A10AE8-804F-4DCA-AD69-8DB0DA95A75F} = {61A10AE8-804F-4DCA-AD69-8DB0DA95A75F}
		{447B72EF-4B7D-4200-A92E-BDE789576117} = {447B72EF-4B7D-4200-A92E-BDE789576117}
	EndProjectSection
EndProject
Project("{8BC9CEB8-8B4A-11D0-8D11-00A0C91BC942}") = "SPlot2d", "SPlot2d.vcproj", "{36CA5C15-A7E6-4451-AE8E-8AD61754F970}"
	ProjectSection(ProjectDependencies) = postProject
		{8512A935-1BBB-4A7B-A552-F50824FDD87F} = {8512A935-1BBB-4A7B-A552-F50824FDD87F}
		{F33BDEB3-AC58-4A0C-8E4C-3671A9C8F217} = {F33BDEB3-AC58-4A0C-8E4C-3671A9C8F217}
		{D5E571BF-0C2E-4513-8BF0-A7A54E4EA973} = {D5E571BF-0C2E-4513-8BF0-A7A54E4EA973}
		{447B72EF-4B7D-4200-A92E-BDE789576117} = {447B72EF-4B7D-4200-A92E-BDE789576117}
	EndProjectSection
EndProject
Project("{8BC9CEB8-8B4A-11D0-8D11-00A0C91BC942}") = "STD", "STD.vcproj", "{29831E95-B38D-4460-A46F-A4A4E1EE3941}"
	ProjectSection(ProjectDependencies) = postProject
		{8512A935-1BBB-4A7B-A552-F50824FDD87F} = {8512A935-1BBB-4A7B-A552-F50824FDD87F}
		{961D1F90-2AF9-4D8B-B1D5-061EB3CA4474} = {961D1F90-2AF9-4D8B-B1D5-061EB3CA4474}
	EndProjectSection
EndProject
Project("{8BC9CEB8-8B4A-11D0-8D11-00A0C91BC942}") = "SUIT", "SUIT.vcproj", "{8512A935-1BBB-4A7B-A552-F50824FDD87F}"
	ProjectSection(ProjectDependencies) = postProject
		{961D1F90-2AF9-4D8B-B1D5-061EB3CA4474} = {961D1F90-2AF9-4D8B-B1D5-061EB3CA4474}
	EndProjectSection
EndProject
Project("{8BC9CEB8-8B4A-11D0-8D11-00A0C91BC942}") = "SUITApp", "SUITApp.vcproj", "{6755FAA7-967A-4D23-966D-DE4F66234913}"
	ProjectSection(ProjectDependencies) = postProject
		{8512A935-1BBB-4A7B-A552-F50824FDD87F} = {8512A935-1BBB-4A7B-A552-F50824FDD87F}
		{961D1F90-2AF9-4D8B-B1D5-061EB3CA4474} = {961D1F90-2AF9-4D8B-B1D5-061EB3CA4474}
	EndProjectSection
EndProject
Project("{8BC9CEB8-8B4A-11D0-8D11-00A0C91BC942}") = "SUPERVGraph", "SUPERVGraph.vcproj", "{692700DF-6A4F-43F2-8D83-02DCE38D504E}"
	ProjectSection(ProjectDependencies) = postProject
		{8512A935-1BBB-4A7B-A552-F50824FDD87F} = {8512A935-1BBB-4A7B-A552-F50824FDD87F}
		{961D1F90-2AF9-4D8B-B1D5-061EB3CA4474} = {961D1F90-2AF9-4D8B-B1D5-061EB3CA4474}
		{447B72EF-4B7D-4200-A92E-BDE789576117} = {447B72EF-4B7D-4200-A92E-BDE789576117}
	EndProjectSection
EndProject
Project("{8BC9CEB8-8B4A-11D0-8D11-00A0C91BC942}") = "SVTK", "SVTK.vcproj", "{C3A1EE8B-C548-4A37-B49A-D322128EE161}"
	ProjectSection(ProjectDependencies) = postProject
		{06CA8800-62E7-4FA8-BA7B-3607F27491B8} = {06CA8800-62E7-4FA8-BA7B-3607F27491B8}
		{81C2B225-3839-46AF-8984-F273B72F2643} = {81C2B225-3839-46AF-8984-F273B72F2643}
		{37FA9C33-4512-4833-A4A7-CCF490ADD732} = {37FA9C33-4512-4833-A4A7-CCF490ADD732}
		{8512A935-1BBB-4A7B-A552-F50824FDD87F} = {8512A935-1BBB-4A7B-A552-F50824FDD87F}
		{961D1F90-2AF9-4D8B-B1D5-061EB3CA4474} = {961D1F90-2AF9-4D8B-B1D5-061EB3CA4474}
		{F33BDEB3-AC58-4A0C-8E4C-3671A9C8F217} = {F33BDEB3-AC58-4A0C-8E4C-3671A9C8F217}
		{447B72EF-4B7D-4200-A92E-BDE789576117} = {447B72EF-4B7D-4200-A92E-BDE789576117}
	EndProjectSection
EndProject
Project("{8BC9CEB8-8B4A-11D0-8D11-00A0C91BC942}") = "SalomeApp", "SalomeApp.vcproj", "{FFFB9D11-6A57-40FC-AD8E-060463036430}"
	ProjectSection(ProjectDependencies) = postProject
		{06CA8800-62E7-4FA8-BA7B-3607F27491B8} = {06CA8800-62E7-4FA8-BA7B-3607F27491B8}
		{2C04DB01-39CA-458C-AE59-19FD215775D5} = {2C04DB01-39CA-458C-AE59-19FD215775D5}
		{7DB13706-F0ED-4EA8-BE14-E4D62D500C67} = {7DB13706-F0ED-4EA8-BE14-E4D62D500C67}
		{992FB60D-4EC6-44FF-A0A7-EB1F7C38C7D0} = {992FB60D-4EC6-44FF-A0A7-EB1F7C38C7D0}
		{36CA5C15-A7E6-4451-AE8E-8AD61754F970} = {36CA5C15-A7E6-4451-AE8E-8AD61754F970}
		{81C2B225-3839-46AF-8984-F273B72F2643} = {81C2B225-3839-46AF-8984-F273B72F2643}
		{37FA9C33-4512-4833-A4A7-CCF490ADD732} = {37FA9C33-4512-4833-A4A7-CCF490ADD732}
		{4B9BF133-1E25-4C6E-9233-651833F22313} = {4B9BF133-1E25-4C6E-9233-651833F22313}
		{8512A935-1BBB-4A7B-A552-F50824FDD87F} = {8512A935-1BBB-4A7B-A552-F50824FDD87F}
		{C8FB7D64-0A82-4588-8D27-2B7CC6C2EA85} = {C8FB7D64-0A82-4588-8D27-2B7CC6C2EA85}
		{C98BE26C-288F-4864-B118-3DE0A3A185FC} = {C98BE26C-288F-4864-B118-3DE0A3A185FC}
		{C3A1EE8B-C548-4A37-B49A-D322128EE161} = {C3A1EE8B-C548-4A37-B49A-D322128EE161}
		{961D1F90-2AF9-4D8B-B1D5-061EB3CA4474} = {961D1F90-2AF9-4D8B-B1D5-061EB3CA4474}
		{29831E95-B38D-4460-A46F-A4A4E1EE3941} = {29831E95-B38D-4460-A46F-A4A4E1EE3941}
		{F33BDEB3-AC58-4A0C-8E4C-3671A9C8F217} = {F33BDEB3-AC58-4A0C-8E4C-3671A9C8F217}
		{D2CA8DB5-A2DE-4EF9-B967-0F639736469F} = {D2CA8DB5-A2DE-4EF9-B967-0F639736469F}
		{D5E571BF-0C2E-4513-8BF0-A7A54E4EA973} = {D5E571BF-0C2E-4513-8BF0-A7A54E4EA973}
		{9EA751D5-767C-45CC-AA52-283E69308EB7} = {9EA751D5-767C-45CC-AA52-283E69308EB7}
		{61A10AE8-804F-4DCA-AD69-8DB0DA95A75F} = {61A10AE8-804F-4DCA-AD69-8DB0DA95A75F}
		{030D5DEC-1357-4D1E-9275-4EE4B0A482B0} = {030D5DEC-1357-4D1E-9275-4EE4B0A482B0}
		{447B72EF-4B7D-4200-A92E-BDE789576117} = {447B72EF-4B7D-4200-A92E-BDE789576117}
	EndProjectSection
EndProject
Project("{8BC9CEB8-8B4A-11D0-8D11-00A0C91BC942}") = "SalomePy", "SalomePy.vcproj", "{03745A4D-76B7-4384-8A1A-FE7EDABF907A}"
	ProjectSection(ProjectDependencies) = postProject
		{8512A935-1BBB-4A7B-A552-F50824FDD87F} = {8512A935-1BBB-4A7B-A552-F50824FDD87F}
		{C8FB7D64-0A82-4588-8D27-2B7CC6C2EA85} = {C8FB7D64-0A82-4588-8D27-2B7CC6C2EA85}
		{C3A1EE8B-C548-4A37-B49A-D322128EE161} = {C3A1EE8B-C548-4A37-B49A-D322128EE161}
		{9EA751D5-767C-45CC-AA52-283E69308EB7} = {9EA751D5-767C-45CC-AA52-283E69308EB7}
	EndProjectSection
EndProject
Project("{8BC9CEB8-8B4A-11D0-8D11-00A0C91BC942}") = "Session", "Session.vcproj", "{2C04DB01-39CA-458C-AE59-19FD215775D5}"
	ProjectSection(ProjectDependencies) = postProject
		{8512A935-1BBB-4A7B-A552-F50824FDD87F} = {8512A935-1BBB-4A7B-A552-F50824FDD87F}
		{961D1F90-2AF9-4D8B-B1D5-061EB3CA4474} = {961D1F90-2AF9-4D8B-B1D5-061EB3CA4474}
		{9EA751D5-767C-45CC-AA52-283E69308EB7} = {9EA751D5-767C-45CC-AA52-283E69308EB7}
	EndProjectSection
EndProject
Project("{8BC9CEB8-8B4A-11D0-8D11-00A0C91BC942}") = "Session_Server", "Session_Server.vcproj", "{FB6C629D-AA74-468E-95B7-9C1A3F2C235E}"
	ProjectSection(ProjectDependencies) = postProject
		{2C04DB01-39CA-458C-AE59-19FD215775D5} = {2C04DB01-39CA-458C-AE59-19FD215775D5}
		{8512A935-1BBB-4A7B-A552-F50824FDD87F} = {8512A935-1BBB-4A7B-A552-F50824FDD87F}
		{961D1F90-2AF9-4D8B-B1D5-061EB3CA4474} = {961D1F90-2AF9-4D8B-B1D5-061EB3CA4474}
		{9EA751D5-767C-45CC-AA52-283E69308EB7} = {9EA751D5-767C-45CC-AA52-283E69308EB7}
	EndProjectSection
EndProject
Project("{8BC9CEB8-8B4A-11D0-8D11-00A0C91BC942}") = "Style", "Style.vcproj", "{AE9A31F5-1301-4E6D-91A3-E78DF4ABF0EA}"
	ProjectSection(ProjectDependencies) = postProject
	EndProjectSection
EndProject
Project("{8BC9CEB8-8B4A-11D0-8D11-00A0C91BC942}") = "ToolsGUI", "TOOLSGUI.vcproj", "{81C2B225-3839-46AF-8984-F273B72F2643}"
	ProjectSection(ProjectDependencies) = postProject
		{8512A935-1BBB-4A7B-A552-F50824FDD87F} = {8512A935-1BBB-4A7B-A552-F50824FDD87F}
		{961D1F90-2AF9-4D8B-B1D5-061EB3CA4474} = {961D1F90-2AF9-4D8B-B1D5-061EB3CA4474}
	EndProjectSection
EndProject
Project("{8BC9CEB8-8B4A-11D0-8D11-00A0C91BC942}") = "VTKViewer", "VTKViewer.vcproj", "{06CA8800-62E7-4FA8-BA7B-3607F27491B8}"
	ProjectSection(ProjectDependencies) = postProject
		{8512A935-1BBB-4A7B-A552-F50824FDD87F} = {8512A935-1BBB-4A7B-A552-F50824FDD87F}
		{961D1F90-2AF9-4D8B-B1D5-061EB3CA4474} = {961D1F90-2AF9-4D8B-B1D5-061EB3CA4474}
	EndProjectSection
EndProject
Project("{8BC9CEB8-8B4A-11D0-8D11-00A0C91BC942}") = "LightApp", "LightApp.vcproj", "{C8FB7D64-0A82-4588-8D27-2B7CC6C2EA85}"
	ProjectSection(ProjectDependencies) = postProject
		{7DB13706-F0ED-4EA8-BE14-E4D62D500C67} = {7DB13706-F0ED-4EA8-BE14-E4D62D500C67}
		{37FA9C33-4512-4833-A4A7-CCF490ADD732} = {37FA9C33-4512-4833-A4A7-CCF490ADD732}
		{8512A935-1BBB-4A7B-A552-F50824FDD87F} = {8512A935-1BBB-4A7B-A552-F50824FDD87F}
		{961D1F90-2AF9-4D8B-B1D5-061EB3CA4474} = {961D1F90-2AF9-4D8B-B1D5-061EB3CA4474}
		{29831E95-B38D-4460-A46F-A4A4E1EE3941} = {29831E95-B38D-4460-A46F-A4A4E1EE3941}
		{F33BDEB3-AC58-4A0C-8E4C-3671A9C8F217} = {F33BDEB3-AC58-4A0C-8E4C-3671A9C8F217}
		{D2CA8DB5-A2DE-4EF9-B967-0F639736469F} = {D2CA8DB5-A2DE-4EF9-B967-0F639736469F}
		{61A10AE8-804F-4DCA-AD69-8DB0DA95A75F} = {61A10AE8-804F-4DCA-AD69-8DB0DA95A75F}
	EndProjectSection
EndProject
Project("{8BC9CEB8-8B4A-11D0-8D11-00A0C91BC942}") = "DDS", "DDS.vcproj", "{95BB714A-DC0E-44E9-BF0E-EEF8EAA29995}"
	ProjectSection(ProjectDependencies) = postProject
	EndProjectSection
EndProject
Project("{8BC9CEB8-8B4A-11D0-8D11-00A0C91BC942}") = "QDS", "QDS.vcproj", "{450F05A8-106A-496D-BB04-F0B0F530617F}"
	ProjectSection(ProjectDependencies) = postProject
		{95BB714A-DC0E-44E9-BF0E-EEF8EAA29995} = {95BB714A-DC0E-44E9-BF0E-EEF8EAA29995}
		{961D1F90-2AF9-4D8B-B1D5-061EB3CA4474} = {961D1F90-2AF9-4D8B-B1D5-061EB3CA4474}
	EndProjectSection
EndProject
Project("{8BC9CEB8-8B4A-11D0-8D11-00A0C91BC942}") = "SALOME_PYQT", "SALOME_PYQT.vcproj", "{4916EEA5-82E5-4C0F-9F12-119129144D84}"
	ProjectSection(ProjectDependencies) = postProject
		{FFFB9D11-6A57-40FC-AD8E-060463036430} = {FFFB9D11-6A57-40FC-AD8E-060463036430}
		{37FA9C33-4512-4833-A4A7-CCF490ADD732} = {37FA9C33-4512-4833-A4A7-CCF490ADD732}
		{8512A935-1BBB-4A7B-A552-F50824FDD87F} = {8512A935-1BBB-4A7B-A552-F50824FDD87F}
		{C8FB7D64-0A82-4588-8D27-2B7CC6C2EA85} = {C8FB7D64-0A82-4588-8D27-2B7CC6C2EA85}
		{C98BE26C-288F-4864-B118-3DE0A3A185FC} = {C98BE26C-288F-4864-B118-3DE0A3A185FC}
		{9A402780-A438-40A3-A47D-8016CA8A45C0} = {9A402780-A438-40A3-A47D-8016CA8A45C0}
		{961D1F90-2AF9-4D8B-B1D5-061EB3CA4474} = {961D1F90-2AF9-4D8B-B1D5-061EB3CA4474}
		{29831E95-B38D-4460-A46F-A4A4E1EE3941} = {29831E95-B38D-4460-A46F-A4A4E1EE3941}
		{F33BDEB3-AC58-4A0C-8E4C-3671A9C8F217} = {F33BDEB3-AC58-4A0C-8E4C-3671A9C8F217}
		{D2CA8DB5-A2DE-4EF9-B967-0F639736469F} = {D2CA8DB5-A2DE-4EF9-B967-0F639736469F}
		{9EA751D5-767C-45CC-AA52-283E69308EB7} = {9EA751D5-767C-45CC-AA52-283E69308EB7}
	EndProjectSection
EndProject
Global
	GlobalSection(SourceCodeControl) = preSolution
		SccNumberOfProjects = 37
		SccProjectName0 = GUI_WNT/adm/win32
		SccLocalPath0 = .
		SccProvider0 = MSSCCI:Jalindi\u0020Igloo
		CanCheckoutShared = true
		SolutionUniqueID = {57899EA5-42E1-4CFF-B1EE-FBF01D75498B}
		SccProjectUniqueName1 = All.vcproj
		SccLocalPath1 = .
		CanCheckoutShared = true
		SccProjectUniqueName2 = CAF.vcproj
		SccLocalPath2 = .
		CanCheckoutShared = true
		SccProjectUniqueName3 = CAM.vcproj
		SccLocalPath3 = .
		CanCheckoutShared = true
		SccProjectUniqueName4 = Event.vcproj
		SccLocalPath4 = .
		CanCheckoutShared = true
		SccProjectUniqueName5 = GLViewer.vcproj
		SccLocalPath5 = .
		CanCheckoutShared = true
		SccProjectUniqueName6 = LogWindow.vcproj
		SccLocalPath6 = .
		CanCheckoutShared = true
		SccProjectUniqueName7 = OBJECT.vcproj
		SccLocalPath7 = .
		CanCheckoutShared = true
		SccProjectUniqueName8 = OCCViewer.vcproj
		SccLocalPath8 = .
		CanCheckoutShared = true
		SccProjectUniqueName9 = ObjBrowser.vcproj
		SccLocalPath9 = .
		CanCheckoutShared = true
		SccProjectUniqueName10 = Plot2d.vcproj
		SccLocalPath10 = .
		CanCheckoutShared = true
		SccProjectUniqueName11 = Prs.vcproj
		SccLocalPath11 = .
		CanCheckoutShared = true
		SccProjectUniqueName12 = PyInterp.vcproj
		SccLocalPath12 = .
		CanCheckoutShared = true
		SccProjectUniqueName13 = PythonConsole.vcproj
		SccLocalPath13 = .
		CanCheckoutShared = true
		SccProjectUniqueName14 = Qtx.vcproj
		SccLocalPath14 = .
		CanCheckoutShared = true
		SccProjectUniqueName15 = RegistryDisplay.vcproj
		SccLocalPath15 = .
		CanCheckoutShared = true
		SccProjectUniqueName16 = ResExporter.vcproj
		SccLocalPath16 = .
		CanCheckoutShared = true
		SccProjectUniqueName17 = SALOME_PYQT_GUI.vcproj
		SccLocalPath17 = .
		CanCheckoutShared = true
		SccProjectUniqueName18 = SALOME_SWIG.vcproj
		SccLocalPath18 = .
		CanCheckoutShared = true
		SccProjectUniqueName19 = SOCC.vcproj
		SccLocalPath19 = .
		CanCheckoutShared = true
		SccProjectUniqueName20 = SPlot2d.vcproj
		SccLocalPath20 = .
		CanCheckoutShared = true
		SccProjectUniqueName21 = STD.vcproj
		SccLocalPath21 = .
		CanCheckoutShared = true
		SccProjectUniqueName22 = SUIT.vcproj
		SccLocalPath22 = .
		CanCheckoutShared = true
		SccProjectUniqueName23 = SUITApp.vcproj
		SccLocalPath23 = .
		CanCheckoutShared = true
		SccProjectUniqueName24 = SUPERVGraph.vcproj
		SccLocalPath24 = .
		CanCheckoutShared = true
		SccProjectUniqueName25 = SVTK.vcproj
		SccLocalPath25 = .
		CanCheckoutShared = true
		SccProjectUniqueName26 = SalomeApp.vcproj
		SccLocalPath26 = .
		CanCheckoutShared = true
		SccProjectUniqueName27 = SalomePy.vcproj
		SccLocalPath27 = .
		CanCheckoutShared = true
		SccProjectUniqueName28 = Session.vcproj
		SccLocalPath28 = .
		CanCheckoutShared = true
		SccProjectUniqueName29 = Session_Server.vcproj
		SccLocalPath29 = .
		CanCheckoutShared = true
		SccProjectUniqueName30 = Style.vcproj
		SccLocalPath30 = .
		CanCheckoutShared = true
		SccProjectUniqueName31 = TOOLSGUI.vcproj
		SccLocalPath31 = .
		CanCheckoutShared = true
		SccProjectUniqueName32 = VTKViewer.vcproj
		SccLocalPath32 = .
		CanCheckoutShared = true
		SccProjectUniqueName33 = LightApp.vcproj
		SccLocalPath33 = .
		CanCheckoutShared = true
		SccProjectUniqueName34 = DDS.vcproj
		SccLocalPath34 = .
		CanCheckoutShared = true
		SccProjectUniqueName35 = QDS.vcproj
		SccLocalPath35 = .
		CanCheckoutShared = true
		SccProjectUniqueName36 = SALOME_PYQT.vcproj
		SccLocalPath36 = .
		CanCheckoutShared = true
	EndGlobalSection
	GlobalSection(SolutionConfiguration) = preSolution
		Debug = Debug
		Release = Release
	EndGlobalSection
	GlobalSection(ProjectConfiguration) = postSolution
		{0D811160-3A03-4C59-9610-498786BAFECE}.Debug.ActiveCfg = Debug|Win32
		{0D811160-3A03-4C59-9610-498786BAFECE}.Debug.Build.0 = Debug|Win32
		{0D811160-3A03-4C59-9610-498786BAFECE}.Release.ActiveCfg = Release|Win32
		{0D811160-3A03-4C59-9610-498786BAFECE}.Release.Build.0 = Release|Win32
		{EBCDC006-A873-4DA9-9CA6-B6BE320C0DFD}.Debug.ActiveCfg = Debug|Win32
		{EBCDC006-A873-4DA9-9CA6-B6BE320C0DFD}.Debug.Build.0 = Debug|Win32
		{EBCDC006-A873-4DA9-9CA6-B6BE320C0DFD}.Release.ActiveCfg = Release|Win32
		{EBCDC006-A873-4DA9-9CA6-B6BE320C0DFD}.Release.Build.0 = Release|Win32
		{37FA9C33-4512-4833-A4A7-CCF490ADD732}.Debug.ActiveCfg = Debug|Win32
		{37FA9C33-4512-4833-A4A7-CCF490ADD732}.Debug.Build.0 = Debug|Win32
		{37FA9C33-4512-4833-A4A7-CCF490ADD732}.Release.ActiveCfg = Release|Win32
		{37FA9C33-4512-4833-A4A7-CCF490ADD732}.Release.Build.0 = Release|Win32
		{9EA751D5-767C-45CC-AA52-283E69308EB7}.Debug.ActiveCfg = Debug|Win32
		{9EA751D5-767C-45CC-AA52-283E69308EB7}.Debug.Build.0 = Debug|Win32
		{9EA751D5-767C-45CC-AA52-283E69308EB7}.Release.ActiveCfg = Release|Win32
		{9EA751D5-767C-45CC-AA52-283E69308EB7}.Release.Build.0 = Release|Win32
		{4B9BF133-1E25-4C6E-9233-651833F22313}.Debug.ActiveCfg = Debug|Win32
		{4B9BF133-1E25-4C6E-9233-651833F22313}.Debug.Build.0 = Debug|Win32
		{4B9BF133-1E25-4C6E-9233-651833F22313}.Release.ActiveCfg = Release|Win32
		{4B9BF133-1E25-4C6E-9233-651833F22313}.Release.Build.0 = Release|Win32
		{7DB13706-F0ED-4EA8-BE14-E4D62D500C67}.Debug.ActiveCfg = Debug|Win32
		{7DB13706-F0ED-4EA8-BE14-E4D62D500C67}.Debug.Build.0 = Debug|Win32
		{7DB13706-F0ED-4EA8-BE14-E4D62D500C67}.Release.ActiveCfg = Release|Win32
		{7DB13706-F0ED-4EA8-BE14-E4D62D500C67}.Release.Build.0 = Release|Win32
		{447B72EF-4B7D-4200-A92E-BDE789576117}.Debug.ActiveCfg = Debug|Win32
		{447B72EF-4B7D-4200-A92E-BDE789576117}.Debug.Build.0 = Debug|Win32
		{447B72EF-4B7D-4200-A92E-BDE789576117}.Release.ActiveCfg = Release|Win32
		{447B72EF-4B7D-4200-A92E-BDE789576117}.Release.Build.0 = Release|Win32
		{61A10AE8-804F-4DCA-AD69-8DB0DA95A75F}.Debug.ActiveCfg = Debug|Win32
		{61A10AE8-804F-4DCA-AD69-8DB0DA95A75F}.Debug.Build.0 = Debug|Win32
		{61A10AE8-804F-4DCA-AD69-8DB0DA95A75F}.Release.ActiveCfg = Release|Win32
		{61A10AE8-804F-4DCA-AD69-8DB0DA95A75F}.Release.Build.0 = Release|Win32
		{D2CA8DB5-A2DE-4EF9-B967-0F639736469F}.Debug.ActiveCfg = Debug|Win32
		{D2CA8DB5-A2DE-4EF9-B967-0F639736469F}.Debug.Build.0 = Debug|Win32
		{D2CA8DB5-A2DE-4EF9-B967-0F639736469F}.Release.ActiveCfg = Release|Win32
		{D2CA8DB5-A2DE-4EF9-B967-0F639736469F}.Release.Build.0 = Release|Win32
		{D5E571BF-0C2E-4513-8BF0-A7A54E4EA973}.Debug.ActiveCfg = Debug|Win32
		{D5E571BF-0C2E-4513-8BF0-A7A54E4EA973}.Debug.Build.0 = Debug|Win32
		{D5E571BF-0C2E-4513-8BF0-A7A54E4EA973}.Release.ActiveCfg = Release|Win32
		{D5E571BF-0C2E-4513-8BF0-A7A54E4EA973}.Release.Build.0 = Release|Win32
		{F33BDEB3-AC58-4A0C-8E4C-3671A9C8F217}.Debug.ActiveCfg = Debug|Win32
		{F33BDEB3-AC58-4A0C-8E4C-3671A9C8F217}.Debug.Build.0 = Debug|Win32
		{F33BDEB3-AC58-4A0C-8E4C-3671A9C8F217}.Release.ActiveCfg = Release|Win32
		{F33BDEB3-AC58-4A0C-8E4C-3671A9C8F217}.Release.Build.0 = Release|Win32
		{C98BE26C-288F-4864-B118-3DE0A3A185FC}.Debug.ActiveCfg = Debug|Win32
		{C98BE26C-288F-4864-B118-3DE0A3A185FC}.Debug.Build.0 = Debug|Win32
		{C98BE26C-288F-4864-B118-3DE0A3A185FC}.Release.ActiveCfg = Release|Win32
		{C98BE26C-288F-4864-B118-3DE0A3A185FC}.Release.Build.0 = Release|Win32
		{992FB60D-4EC6-44FF-A0A7-EB1F7C38C7D0}.Debug.ActiveCfg = Debug|Win32
		{992FB60D-4EC6-44FF-A0A7-EB1F7C38C7D0}.Debug.Build.0 = Debug|Win32
		{992FB60D-4EC6-44FF-A0A7-EB1F7C38C7D0}.Release.ActiveCfg = Release|Win32
		{992FB60D-4EC6-44FF-A0A7-EB1F7C38C7D0}.Release.Build.0 = Release|Win32
		{961D1F90-2AF9-4D8B-B1D5-061EB3CA4474}.Debug.ActiveCfg = Debug|Win32
		{961D1F90-2AF9-4D8B-B1D5-061EB3CA4474}.Debug.Build.0 = Debug|Win32
		{961D1F90-2AF9-4D8B-B1D5-061EB3CA4474}.Release.ActiveCfg = Release|Win32
		{961D1F90-2AF9-4D8B-B1D5-061EB3CA4474}.Release.Build.0 = Release|Win32
		{65E1D3A3-FCB4-4C48-97E6-687BEEFE2F1A}.Debug.ActiveCfg = Debug|Win32
		{65E1D3A3-FCB4-4C48-97E6-687BEEFE2F1A}.Debug.Build.0 = Debug|Win32
		{65E1D3A3-FCB4-4C48-97E6-687BEEFE2F1A}.Release.ActiveCfg = Release|Win32
		{65E1D3A3-FCB4-4C48-97E6-687BEEFE2F1A}.Release.Build.0 = Release|Win32
		{AF21595C-7BAA-45B9-BBF9-C915EA948265}.Debug.ActiveCfg = Debug|Win32
		{AF21595C-7BAA-45B9-BBF9-C915EA948265}.Debug.Build.0 = Debug|Win32
		{AF21595C-7BAA-45B9-BBF9-C915EA948265}.Release.ActiveCfg = Release|Win32
		{AF21595C-7BAA-45B9-BBF9-C915EA948265}.Release.Build.0 = Release|Win32
		{9A402780-A438-40A3-A47D-8016CA8A45C0}.Debug.ActiveCfg = Debug|Win32
		{9A402780-A438-40A3-A47D-8016CA8A45C0}.Debug.Build.0 = Debug|Win32
		{9A402780-A438-40A3-A47D-8016CA8A45C0}.Release.ActiveCfg = Release|Win32
		{9A402780-A438-40A3-A47D-8016CA8A45C0}.Release.Build.0 = Release|Win32
		{B5C36D8A-9C97-4516-9C13-14053BAB356F}.Debug.ActiveCfg = Debug|Win32
		{B5C36D8A-9C97-4516-9C13-14053BAB356F}.Debug.Build.0 = Debug|Win32
		{B5C36D8A-9C97-4516-9C13-14053BAB356F}.Release.ActiveCfg = Release|Win32
		{B5C36D8A-9C97-4516-9C13-14053BAB356F}.Release.Build.0 = Release|Win32
		{030D5DEC-1357-4D1E-9275-4EE4B0A482B0}.Debug.ActiveCfg = Debug|Win32
		{030D5DEC-1357-4D1E-9275-4EE4B0A482B0}.Debug.Build.0 = Debug|Win32
		{030D5DEC-1357-4D1E-9275-4EE4B0A482B0}.Release.ActiveCfg = Release|Win32
		{030D5DEC-1357-4D1E-9275-4EE4B0A482B0}.Release.Build.0 = Release|Win32
		{36CA5C15-A7E6-4451-AE8E-8AD61754F970}.Debug.ActiveCfg = Debug|Win32
		{36CA5C15-A7E6-4451-AE8E-8AD61754F970}.Debug.Build.0 = Debug|Win32
		{36CA5C15-A7E6-4451-AE8E-8AD61754F970}.Release.ActiveCfg = Release|Win32
		{36CA5C15-A7E6-4451-AE8E-8AD61754F970}.Release.Build.0 = Release|Win32
		{29831E95-B38D-4460-A46F-A4A4E1EE3941}.Debug.ActiveCfg = Debug|Win32
		{29831E95-B38D-4460-A46F-A4A4E1EE3941}.Debug.Build.0 = Debug|Win32
		{29831E95-B38D-4460-A46F-A4A4E1EE3941}.Release.ActiveCfg = Release|Win32
		{29831E95-B38D-4460-A46F-A4A4E1EE3941}.Release.Build.0 = Release|Win32
		{8512A935-1BBB-4A7B-A552-F50824FDD87F}.Debug.ActiveCfg = Debug|Win32
		{8512A935-1BBB-4A7B-A552-F50824FDD87F}.Debug.Build.0 = Debug|Win32
		{8512A935-1BBB-4A7B-A552-F50824FDD87F}.Release.ActiveCfg = Release|Win32
		{8512A935-1BBB-4A7B-A552-F50824FDD87F}.Release.Build.0 = Release|Win32
		{6755FAA7-967A-4D23-966D-DE4F66234913}.Debug.ActiveCfg = Debug|Win32
		{6755FAA7-967A-4D23-966D-DE4F66234913}.Debug.Build.0 = Debug|Win32
		{6755FAA7-967A-4D23-966D-DE4F66234913}.Release.ActiveCfg = Release|Win32
		{6755FAA7-967A-4D23-966D-DE4F66234913}.Release.Build.0 = Release|Win32
		{692700DF-6A4F-43F2-8D83-02DCE38D504E}.Debug.ActiveCfg = Debug|Win32
		{692700DF-6A4F-43F2-8D83-02DCE38D504E}.Debug.Build.0 = Debug|Win32
		{692700DF-6A4F-43F2-8D83-02DCE38D504E}.Release.ActiveCfg = Release|Win32
		{692700DF-6A4F-43F2-8D83-02DCE38D504E}.Release.Build.0 = Release|Win32
		{C3A1EE8B-C548-4A37-B49A-D322128EE161}.Debug.ActiveCfg = Debug|Win32
		{C3A1EE8B-C548-4A37-B49A-D322128EE161}.Debug.Build.0 = Debug|Win32
		{C3A1EE8B-C548-4A37-B49A-D322128EE161}.Release.ActiveCfg = Release|Win32
		{C3A1EE8B-C548-4A37-B49A-D322128EE161}.Release.Build.0 = Release|Win32
		{FFFB9D11-6A57-40FC-AD8E-060463036430}.Debug.ActiveCfg = Debug|Win32
		{FFFB9D11-6A57-40FC-AD8E-060463036430}.Debug.Build.0 = Debug|Win32
		{FFFB9D11-6A57-40FC-AD8E-060463036430}.Release.ActiveCfg = Release|Win32
		{FFFB9D11-6A57-40FC-AD8E-060463036430}.Release.Build.0 = Release|Win32
		{03745A4D-76B7-4384-8A1A-FE7EDABF907A}.Debug.ActiveCfg = Debug|Win32
		{03745A4D-76B7-4384-8A1A-FE7EDABF907A}.Debug.Build.0 = Debug|Win32
		{03745A4D-76B7-4384-8A1A-FE7EDABF907A}.Release.ActiveCfg = Release|Win32
		{03745A4D-76B7-4384-8A1A-FE7EDABF907A}.Release.Build.0 = Release|Win32
		{2C04DB01-39CA-458C-AE59-19FD215775D5}.Debug.ActiveCfg = Debug|Win32
		{2C04DB01-39CA-458C-AE59-19FD215775D5}.Debug.Build.0 = Debug|Win32
		{2C04DB01-39CA-458C-AE59-19FD215775D5}.Release.ActiveCfg = Release|Win32
		{2C04DB01-39CA-458C-AE59-19FD215775D5}.Release.Build.0 = Release|Win32
		{FB6C629D-AA74-468E-95B7-9C1A3F2C235E}.Debug.ActiveCfg = Debug|Win32
		{FB6C629D-AA74-468E-95B7-9C1A3F2C235E}.Debug.Build.0 = Debug|Win32
		{FB6C629D-AA74-468E-95B7-9C1A3F2C235E}.Release.ActiveCfg = Release|Win32
		{FB6C629D-AA74-468E-95B7-9C1A3F2C235E}.Release.Build.0 = Release|Win32
		{AE9A31F5-1301-4E6D-91A3-E78DF4ABF0EA}.Debug.ActiveCfg = Debug|Win32
		{AE9A31F5-1301-4E6D-91A3-E78DF4ABF0EA}.Debug.Build.0 = Debug|Win32
		{AE9A31F5-1301-4E6D-91A3-E78DF4ABF0EA}.Release.ActiveCfg = Release|Win32
		{AE9A31F5-1301-4E6D-91A3-E78DF4ABF0EA}.Release.Build.0 = Release|Win32
		{81C2B225-3839-46AF-8984-F273B72F2643}.Debug.ActiveCfg = Debug|Win32
		{81C2B225-3839-46AF-8984-F273B72F2643}.Debug.Build.0 = Debug|Win32
		{81C2B225-3839-46AF-8984-F273B72F2643}.Release.ActiveCfg = Release|Win32
		{81C2B225-3839-46AF-8984-F273B72F2643}.Release.Build.0 = Release|Win32
		{06CA8800-62E7-4FA8-BA7B-3607F27491B8}.Debug.ActiveCfg = Debug|Win32
		{06CA8800-62E7-4FA8-BA7B-3607F27491B8}.Debug.Build.0 = Debug|Win32
		{06CA8800-62E7-4FA8-BA7B-3607F27491B8}.Release.ActiveCfg = Release|Win32
		{06CA8800-62E7-4FA8-BA7B-3607F27491B8}.Release.Build.0 = Release|Win32
		{C8FB7D64-0A82-4588-8D27-2B7CC6C2EA85}.Debug.ActiveCfg = Debug|Win32
		{C8FB7D64-0A82-4588-8D27-2B7CC6C2EA85}.Debug.Build.0 = Debug|Win32
		{C8FB7D64-0A82-4588-8D27-2B7CC6C2EA85}.Release.ActiveCfg = Release|Win32
		{C8FB7D64-0A82-4588-8D27-2B7CC6C2EA85}.Release.Build.0 = Release|Win32
		{95BB714A-DC0E-44E9-BF0E-EEF8EAA29995}.Debug.ActiveCfg = Debug|Win32
		{95BB714A-DC0E-44E9-BF0E-EEF8EAA29995}.Debug.Build.0 = Debug|Win32
		{95BB714A-DC0E-44E9-BF0E-EEF8EAA29995}.Release.ActiveCfg = Release|Win32
		{95BB714A-DC0E-44E9-BF0E-EEF8EAA29995}.Release.Build.0 = Release|Win32
		{450F05A8-106A-496D-BB04-F0B0F530617F}.Debug.ActiveCfg = Debug|Win32
		{450F05A8-106A-496D-BB04-F0B0F530617F}.Debug.Build.0 = Debug|Win32
		{450F05A8-106A-496D-BB04-F0B0F530617F}.Release.ActiveCfg = Release|Win32
		{450F05A8-106A-496D-BB04-F0B0F530617F}.Release.Build.0 = Release|Win32
		{4916EEA5-82E5-4C0F-9F12-119129144D84}.Debug.ActiveCfg = Debug|Win32
		{4916EEA5-82E5-4C0F-9F12-119129144D84}.Debug.Build.0 = Debug|Win32
		{4916EEA5-82E5-4C0F-9F12-119129144D84}.Release.ActiveCfg = Release|Win32
		{4916EEA5-82E5-4C0F-9F12-119129144D84}.Release.Build.0 = Release|Win32
	EndGlobalSection
	GlobalSection(ExtensibilityGlobals) = postSolution
	EndGlobalSection
	GlobalSection(ExtensibilityAddIns) = postSolution
	EndGlobalSection
EndGlobal
