Microsoft Visual Studio Solution File, Format Version 10.00
# Visual Studio 2008
Project("{8BC9CEB8-8B4A-11D0-8D11-00A0C91BC942}") = "All", "All.vcproj", "{0D811160-3A03-4C59-9610-498786BAFECE}"
	ProjectSection(ProjectDependencies) = postProject
		{06CA8800-62E7-4FA8-BA7B-3607F27491B8} = {06CA8800-62E7-4FA8-BA7B-3607F27491B8}
		{06CA8800-62E7-4FA8-BA7B-3607F27491B8} = {06CA8800-62E7-4FA8-BA7B-3607F27491B8}
		{7DB13706-F0ED-4EA8-BE14-E4D62D500C67} = {7DB13706-F0ED-4EA8-BE14-E4D62D500C67}
		{7DB13706-F0ED-4EA8-BE14-E4D62D500C67} = {7DB13706-F0ED-4EA8-BE14-E4D62D500C67}
		{EBCDC006-A873-4DA9-9CA6-B6BE320C0DFD} = {EBCDC006-A873-4DA9-9CA6-B6BE320C0DFD}
		{EBCDC006-A873-4DA9-9CA6-B6BE320C0DFD} = {EBCDC006-A873-4DA9-9CA6-B6BE320C0DFD}
		{36CA5C15-A7E6-4451-AE8E-8AD61754F970} = {36CA5C15-A7E6-4451-AE8E-8AD61754F970}
		{36CA5C15-A7E6-4451-AE8E-8AD61754F970} = {36CA5C15-A7E6-4451-AE8E-8AD61754F970}
		{37FA9C33-4512-4833-A4A7-CCF490ADD732} = {37FA9C33-4512-4833-A4A7-CCF490ADD732}
		{37FA9C33-4512-4833-A4A7-CCF490ADD732} = {37FA9C33-4512-4833-A4A7-CCF490ADD732}
		{4B9BF133-1E25-4C6E-9233-651833F22313} = {4B9BF133-1E25-4C6E-9233-651833F22313}
		{4B9BF133-1E25-4C6E-9233-651833F22313} = {4B9BF133-1E25-4C6E-9233-651833F22313}
		{8512A935-1BBB-4A7B-A552-F50824FDD87F} = {8512A935-1BBB-4A7B-A552-F50824FDD87F}
		{8512A935-1BBB-4A7B-A552-F50824FDD87F} = {8512A935-1BBB-4A7B-A552-F50824FDD87F}
		{DB53E05E-3E2E-460D-8B77-9B339FA3DE59} = {DB53E05E-3E2E-460D-8B77-9B339FA3DE59}
		{C8FB7D64-0A82-4588-8D27-2B7CC6C2EA85} = {C8FB7D64-0A82-4588-8D27-2B7CC6C2EA85}
		{C8FB7D64-0A82-4588-8D27-2B7CC6C2EA85} = {C8FB7D64-0A82-4588-8D27-2B7CC6C2EA85}
		{C3A1EE8B-C548-4A37-B49A-D322128EE161} = {C3A1EE8B-C548-4A37-B49A-D322128EE161}
		{C3A1EE8B-C548-4A37-B49A-D322128EE161} = {C3A1EE8B-C548-4A37-B49A-D322128EE161}
		{961D1F90-2AF9-4D8B-B1D5-061EB3CA4474} = {961D1F90-2AF9-4D8B-B1D5-061EB3CA4474}
		{961D1F90-2AF9-4D8B-B1D5-061EB3CA4474} = {961D1F90-2AF9-4D8B-B1D5-061EB3CA4474}
		{29831E95-B38D-4460-A46F-A4A4E1EE3941} = {29831E95-B38D-4460-A46F-A4A4E1EE3941}
		{29831E95-B38D-4460-A46F-A4A4E1EE3941} = {29831E95-B38D-4460-A46F-A4A4E1EE3941}
		{6755FAA7-967A-4D23-966D-DE4F66234913} = {6755FAA7-967A-4D23-966D-DE4F66234913}
		{6755FAA7-967A-4D23-966D-DE4F66234913} = {6755FAA7-967A-4D23-966D-DE4F66234913}
		{F33BDEB3-AC58-4A0C-8E4C-3671A9C8F217} = {F33BDEB3-AC58-4A0C-8E4C-3671A9C8F217}
		{F33BDEB3-AC58-4A0C-8E4C-3671A9C8F217} = {F33BDEB3-AC58-4A0C-8E4C-3671A9C8F217}
		{D2CA8DB5-A2DE-4EF9-B967-0F639736469F} = {D2CA8DB5-A2DE-4EF9-B967-0F639736469F}
		{D2CA8DB5-A2DE-4EF9-B967-0F639736469F} = {D2CA8DB5-A2DE-4EF9-B967-0F639736469F}
		{D5E571BF-0C2E-4513-8BF0-A7A54E4EA973} = {D5E571BF-0C2E-4513-8BF0-A7A54E4EA973}
		{D5E571BF-0C2E-4513-8BF0-A7A54E4EA973} = {D5E571BF-0C2E-4513-8BF0-A7A54E4EA973}
		{9EA751D5-767C-45CC-AA52-283E69308EB7} = {9EA751D5-767C-45CC-AA52-283E69308EB7}
		{9EA751D5-767C-45CC-AA52-283E69308EB7} = {9EA751D5-767C-45CC-AA52-283E69308EB7}
		{447B72EF-4B7D-4200-A92E-BDE789576117} = {447B72EF-4B7D-4200-A92E-BDE789576117}
		{447B72EF-4B7D-4200-A92E-BDE789576117} = {447B72EF-4B7D-4200-A92E-BDE789576117}
		{AE9A31F5-1301-4E6D-91A3-E78DF4ABF0EA} = {AE9A31F5-1301-4E6D-91A3-E78DF4ABF0EA}
		{AE9A31F5-1301-4E6D-91A3-E78DF4ABF0EA} = {AE9A31F5-1301-4E6D-91A3-E78DF4ABF0EA}
	EndProjectSection
EndProject
Project("{8BC9CEB8-8B4A-11D0-8D11-00A0C91BC942}") = "CAF", "CAF.vcproj", "{EBCDC006-A873-4DA9-9CA6-B6BE320C0DFD}"
	ProjectSection(ProjectDependencies) = postProject
		{8512A935-1BBB-4A7B-A552-F50824FDD87F} = {8512A935-1BBB-4A7B-A552-F50824FDD87F}
		{961D1F90-2AF9-4D8B-B1D5-061EB3CA4474} = {961D1F90-2AF9-4D8B-B1D5-061EB3CA4474}
		{29831E95-B38D-4460-A46F-A4A4E1EE3941} = {29831E95-B38D-4460-A46F-A4A4E1EE3941}
	EndProjectSection
EndProject
Project("{8BC9CEB8-8B4A-11D0-8D11-00A0C91BC942}") = "CAM", "CAM.vcproj", "{37FA9C33-4512-4833-A4A7-CCF490ADD732}"
	ProjectSection(ProjectDependencies) = postProject
		{8512A935-1BBB-4A7B-A552-F50824FDD87F} = {8512A935-1BBB-4A7B-A552-F50824FDD87F}
		{961D1F90-2AF9-4D8B-B1D5-061EB3CA4474} = {961D1F90-2AF9-4D8B-B1D5-061EB3CA4474}
		{29831E95-B38D-4460-A46F-A4A4E1EE3941} = {29831E95-B38D-4460-A46F-A4A4E1EE3941}
	EndProjectSection
EndProject
Project("{8BC9CEB8-8B4A-11D0-8D11-00A0C91BC942}") = "Event", "Event.vcproj", "{9EA751D5-767C-45CC-AA52-283E69308EB7}"
EndProject
Project("{8BC9CEB8-8B4A-11D0-8D11-00A0C91BC942}") = "GLViewer", "GLViewer.vcproj", "{4B9BF133-1E25-4C6E-9233-651833F22313}"
	ProjectSection(ProjectDependencies) = postProject
		{8512A935-1BBB-4A7B-A552-F50824FDD87F} = {8512A935-1BBB-4A7B-A552-F50824FDD87F}
		{961D1F90-2AF9-4D8B-B1D5-061EB3CA4474} = {961D1F90-2AF9-4D8B-B1D5-061EB3CA4474}
	EndProjectSection
EndProject
Project("{8BC9CEB8-8B4A-11D0-8D11-00A0C91BC942}") = "LogWindow", "LogWindow.vcproj", "{7DB13706-F0ED-4EA8-BE14-E4D62D500C67}"
	ProjectSection(ProjectDependencies) = postProject
		{8512A935-1BBB-4A7B-A552-F50824FDD87F} = {8512A935-1BBB-4A7B-A552-F50824FDD87F}
		{961D1F90-2AF9-4D8B-B1D5-061EB3CA4474} = {961D1F90-2AF9-4D8B-B1D5-061EB3CA4474}
	EndProjectSection
EndProject
Project("{8BC9CEB8-8B4A-11D0-8D11-00A0C91BC942}") = "OBJECT", "OBJECT.vcproj", "{447B72EF-4B7D-4200-A92E-BDE789576117}"
	ProjectSection(ProjectDependencies) = postProject
		{06CA8800-62E7-4FA8-BA7B-3607F27491B8} = {06CA8800-62E7-4FA8-BA7B-3607F27491B8}
		{4B9BF133-1E25-4C6E-9233-651833F22313} = {4B9BF133-1E25-4C6E-9233-651833F22313}
		{8512A935-1BBB-4A7B-A552-F50824FDD87F} = {8512A935-1BBB-4A7B-A552-F50824FDD87F}
	EndProjectSection
EndProject
Project("{8BC9CEB8-8B4A-11D0-8D11-00A0C91BC942}") = "ObjBrowser", "ObjBrowser.vcproj", "{D2CA8DB5-A2DE-4EF9-B967-0F639736469F}"
	ProjectSection(ProjectDependencies) = postProject
		{961D1F90-2AF9-4D8B-B1D5-061EB3CA4474} = {961D1F90-2AF9-4D8B-B1D5-061EB3CA4474}
	EndProjectSection
EndProject
Project("{8BC9CEB8-8B4A-11D0-8D11-00A0C91BC942}") = "Plot2d", "Plot2d.vcproj", "{D5E571BF-0C2E-4513-8BF0-A7A54E4EA973}"
	ProjectSection(ProjectDependencies) = postProject
		{8512A935-1BBB-4A7B-A552-F50824FDD87F} = {8512A935-1BBB-4A7B-A552-F50824FDD87F}
		{961D1F90-2AF9-4D8B-B1D5-061EB3CA4474} = {961D1F90-2AF9-4D8B-B1D5-061EB3CA4474}
	EndProjectSection
EndProject
Project("{8BC9CEB8-8B4A-11D0-8D11-00A0C91BC942}") = "Prs", "Prs.vcproj", "{F33BDEB3-AC58-4A0C-8E4C-3671A9C8F217}"
EndProject
Project("{8BC9CEB8-8B4A-11D0-8D11-00A0C91BC942}") = "Qtx", "Qtx.vcproj", "{961D1F90-2AF9-4D8B-B1D5-061EB3CA4474}"
EndProject
Project("{8BC9CEB8-8B4A-11D0-8D11-00A0C91BC942}") = "SPlot2d", "SPlot2d.vcproj", "{36CA5C15-A7E6-4451-AE8E-8AD61754F970}"
	ProjectSection(ProjectDependencies) = postProject
		{8512A935-1BBB-4A7B-A552-F50824FDD87F} = {8512A935-1BBB-4A7B-A552-F50824FDD87F}
		{F33BDEB3-AC58-4A0C-8E4C-3671A9C8F217} = {F33BDEB3-AC58-4A0C-8E4C-3671A9C8F217}
		{D5E571BF-0C2E-4513-8BF0-A7A54E4EA973} = {D5E571BF-0C2E-4513-8BF0-A7A54E4EA973}
		{447B72EF-4B7D-4200-A92E-BDE789576117} = {447B72EF-4B7D-4200-A92E-BDE789576117}
	EndProjectSection
EndProject
Project("{8BC9CEB8-8B4A-11D0-8D11-00A0C91BC942}") = "STD", "STD.vcproj", "{29831E95-B38D-4460-A46F-A4A4E1EE3941}"
	ProjectSection(ProjectDependencies) = postProject
		{8512A935-1BBB-4A7B-A552-F50824FDD87F} = {8512A935-1BBB-4A7B-A552-F50824FDD87F}
		{961D1F90-2AF9-4D8B-B1D5-061EB3CA4474} = {961D1F90-2AF9-4D8B-B1D5-061EB3CA4474}
	EndProjectSection
EndProject
Project("{8BC9CEB8-8B4A-11D0-8D11-00A0C91BC942}") = "SUIT", "SUIT.vcproj", "{8512A935-1BBB-4A7B-A552-F50824FDD87F}"
	ProjectSection(ProjectDependencies) = postProject
		{961D1F90-2AF9-4D8B-B1D5-061EB3CA4474} = {961D1F90-2AF9-4D8B-B1D5-061EB3CA4474}
		{D2CA8DB5-A2DE-4EF9-B967-0F639736469F} = {D2CA8DB5-A2DE-4EF9-B967-0F639736469F}
	EndProjectSection
EndProject
Project("{8BC9CEB8-8B4A-11D0-8D11-00A0C91BC942}") = "SUITApp", "SUITApp.vcproj", "{6755FAA7-967A-4D23-966D-DE4F66234913}"
	ProjectSection(ProjectDependencies) = postProject
		{8512A935-1BBB-4A7B-A552-F50824FDD87F} = {8512A935-1BBB-4A7B-A552-F50824FDD87F}
		{961D1F90-2AF9-4D8B-B1D5-061EB3CA4474} = {961D1F90-2AF9-4D8B-B1D5-061EB3CA4474}
		{AE9A31F5-1301-4E6D-91A3-E78DF4ABF0EA} = {AE9A31F5-1301-4E6D-91A3-E78DF4ABF0EA}
	EndProjectSection
EndProject
Project("{8BC9CEB8-8B4A-11D0-8D11-00A0C91BC942}") = "SVTK", "SVTK.vcproj", "{C3A1EE8B-C548-4A37-B49A-D322128EE161}"
	ProjectSection(ProjectDependencies) = postProject
		{06CA8800-62E7-4FA8-BA7B-3607F27491B8} = {06CA8800-62E7-4FA8-BA7B-3607F27491B8}
		{37FA9C33-4512-4833-A4A7-CCF490ADD732} = {37FA9C33-4512-4833-A4A7-CCF490ADD732}
		{8512A935-1BBB-4A7B-A552-F50824FDD87F} = {8512A935-1BBB-4A7B-A552-F50824FDD87F}
		{961D1F90-2AF9-4D8B-B1D5-061EB3CA4474} = {961D1F90-2AF9-4D8B-B1D5-061EB3CA4474}
		{F33BDEB3-AC58-4A0C-8E4C-3671A9C8F217} = {F33BDEB3-AC58-4A0C-8E4C-3671A9C8F217}
		{447B72EF-4B7D-4200-A92E-BDE789576117} = {447B72EF-4B7D-4200-A92E-BDE789576117}
	EndProjectSection
EndProject
Project("{8BC9CEB8-8B4A-11D0-8D11-00A0C91BC942}") = "Style", "Style.vcproj", "{AE9A31F5-1301-4E6D-91A3-E78DF4ABF0EA}"
	ProjectSection(ProjectDependencies) = postProject
		{961D1F90-2AF9-4D8B-B1D5-061EB3CA4474} = {961D1F90-2AF9-4D8B-B1D5-061EB3CA4474}
	EndProjectSection
EndProject
Project("{8BC9CEB8-8B4A-11D0-8D11-00A0C91BC942}") = "VTKViewer", "VTKViewer.vcproj", "{06CA8800-62E7-4FA8-BA7B-3607F27491B8}"
	ProjectSection(ProjectDependencies) = postProject
		{8512A935-1BBB-4A7B-A552-F50824FDD87F} = {8512A935-1BBB-4A7B-A552-F50824FDD87F}
		{961D1F90-2AF9-4D8B-B1D5-061EB3CA4474} = {961D1F90-2AF9-4D8B-B1D5-061EB3CA4474}
	EndProjectSection
EndProject
Project("{8BC9CEB8-8B4A-11D0-8D11-00A0C91BC942}") = "LightApp", "LightApp.vcproj", "{C8FB7D64-0A82-4588-8D27-2B7CC6C2EA85}"
	ProjectSection(ProjectDependencies) = postProject
		{06CA8800-62E7-4FA8-BA7B-3607F27491B8} = {06CA8800-62E7-4FA8-BA7B-3607F27491B8}
		{7DB13706-F0ED-4EA8-BE14-E4D62D500C67} = {7DB13706-F0ED-4EA8-BE14-E4D62D500C67}
		{36CA5C15-A7E6-4451-AE8E-8AD61754F970} = {36CA5C15-A7E6-4451-AE8E-8AD61754F970}
		{37FA9C33-4512-4833-A4A7-CCF490ADD732} = {37FA9C33-4512-4833-A4A7-CCF490ADD732}
		{4B9BF133-1E25-4C6E-9233-651833F22313} = {4B9BF133-1E25-4C6E-9233-651833F22313}
		{8512A935-1BBB-4A7B-A552-F50824FDD87F} = {8512A935-1BBB-4A7B-A552-F50824FDD87F}
		{DB53E05E-3E2E-460D-8B77-9B339FA3DE59} = {DB53E05E-3E2E-460D-8B77-9B339FA3DE59}
		{C3A1EE8B-C548-4A37-B49A-D322128EE161} = {C3A1EE8B-C548-4A37-B49A-D322128EE161}
		{961D1F90-2AF9-4D8B-B1D5-061EB3CA4474} = {961D1F90-2AF9-4D8B-B1D5-061EB3CA4474}
		{29831E95-B38D-4460-A46F-A4A4E1EE3941} = {29831E95-B38D-4460-A46F-A4A4E1EE3941}
		{F33BDEB3-AC58-4A0C-8E4C-3671A9C8F217} = {F33BDEB3-AC58-4A0C-8E4C-3671A9C8F217}
		{D2CA8DB5-A2DE-4EF9-B967-0F639736469F} = {D2CA8DB5-A2DE-4EF9-B967-0F639736469F}
		{1FE6A5B7-9504-4119-BC86-13115BEA326B} = {1FE6A5B7-9504-4119-BC86-13115BEA326B}
		{D5E571BF-0C2E-4513-8BF0-A7A54E4EA973} = {D5E571BF-0C2E-4513-8BF0-A7A54E4EA973}
		{9EA751D5-767C-45CC-AA52-283E69308EB7} = {9EA751D5-767C-45CC-AA52-283E69308EB7}
		{447B72EF-4B7D-4200-A92E-BDE789576117} = {447B72EF-4B7D-4200-A92E-BDE789576117}
		{AE9A31F5-1301-4E6D-91A3-E78DF4ABF0EA} = {AE9A31F5-1301-4E6D-91A3-E78DF4ABF0EA}
	EndProjectSection
EndProject
Project("{8BC9CEB8-8B4A-11D0-8D11-00A0C91BC942}") = "GraphicsView", "GraphicsView.vcproj", "{DB53E05E-3E2E-460D-8B77-9B339FA3DE59}"
	ProjectSection(ProjectDependencies) = postProject
		{8512A935-1BBB-4A7B-A552-F50824FDD87F} = {8512A935-1BBB-4A7B-A552-F50824FDD87F}
		{961D1F90-2AF9-4D8B-B1D5-061EB3CA4474} = {961D1F90-2AF9-4D8B-B1D5-061EB3CA4474}
	EndProjectSection
EndProject
Project("{8BC9CEB8-8B4A-11D0-8D11-00A0C91BC942}") = "Plot3d", "Plot3d.vcproj", "{1FE6A5B7-9504-4119-BC86-13115BEA326B}"
	ProjectSection(ProjectDependencies) = postProject
		{06CA8800-62E7-4FA8-BA7B-3607F27491B8} = {06CA8800-62E7-4FA8-BA7B-3607F27491B8}
		{37FA9C33-4512-4833-A4A7-CCF490ADD732} = {37FA9C33-4512-4833-A4A7-CCF490ADD732}
		{8512A935-1BBB-4A7B-A552-F50824FDD87F} = {8512A935-1BBB-4A7B-A552-F50824FDD87F}
		{C3A1EE8B-C548-4A37-B49A-D322128EE161} = {C3A1EE8B-C548-4A37-B49A-D322128EE161}
		{961D1F90-2AF9-4D8B-B1D5-061EB3CA4474} = {961D1F90-2AF9-4D8B-B1D5-061EB3CA4474}
		{F33BDEB3-AC58-4A0C-8E4C-3671A9C8F217} = {F33BDEB3-AC58-4A0C-8E4C-3671A9C8F217}
		{447B72EF-4B7D-4200-A92E-BDE789576117} = {447B72EF-4B7D-4200-A92E-BDE789576117}
	EndProjectSection
EndProject
Global
	GlobalSection(SolutionConfigurationPlatforms) = preSolution
		Debug|Win32 = Debug|Win32
		Release|Win32 = Release|Win32
	EndGlobalSection
	GlobalSection(ProjectConfigurationPlatforms) = postSolution
		{0D811160-3A03-4C59-9610-498786BAFECE}.Debug|Win32.ActiveCfg = Debug|Win32
		{0D811160-3A03-4C59-9610-498786BAFECE}.Debug|Win32.Build.0 = Debug|Win32
		{0D811160-3A03-4C59-9610-498786BAFECE}.Release|Win32.ActiveCfg = Release|Win32
		{0D811160-3A03-4C59-9610-498786BAFECE}.Release|Win32.Build.0 = Release|Win32
		{EBCDC006-A873-4DA9-9CA6-B6BE320C0DFD}.Debug|Win32.ActiveCfg = Debug|Win32
		{EBCDC006-A873-4DA9-9CA6-B6BE320C0DFD}.Debug|Win32.Build.0 = Debug|Win32
		{EBCDC006-A873-4DA9-9CA6-B6BE320C0DFD}.Release|Win32.ActiveCfg = Release|Win32
		{EBCDC006-A873-4DA9-9CA6-B6BE320C0DFD}.Release|Win32.Build.0 = Release|Win32
		{37FA9C33-4512-4833-A4A7-CCF490ADD732}.Debug|Win32.ActiveCfg = Debug|Win32
		{37FA9C33-4512-4833-A4A7-CCF490ADD732}.Debug|Win32.Build.0 = Debug|Win32
		{37FA9C33-4512-4833-A4A7-CCF490ADD732}.Release|Win32.ActiveCfg = Release|Win32
		{37FA9C33-4512-4833-A4A7-CCF490ADD732}.Release|Win32.Build.0 = Release|Win32
		{9EA751D5-767C-45CC-AA52-283E69308EB7}.Debug|Win32.ActiveCfg = Debug|Win32
		{9EA751D5-767C-45CC-AA52-283E69308EB7}.Debug|Win32.Build.0 = Debug|Win32
		{9EA751D5-767C-45CC-AA52-283E69308EB7}.Release|Win32.ActiveCfg = Release|Win32
		{9EA751D5-767C-45CC-AA52-283E69308EB7}.Release|Win32.Build.0 = Release|Win32
		{4B9BF133-1E25-4C6E-9233-651833F22313}.Debug|Win32.ActiveCfg = Debug|Win32
		{4B9BF133-1E25-4C6E-9233-651833F22313}.Debug|Win32.Build.0 = Debug|Win32
		{4B9BF133-1E25-4C6E-9233-651833F22313}.Release|Win32.ActiveCfg = Release|Win32
		{4B9BF133-1E25-4C6E-9233-651833F22313}.Release|Win32.Build.0 = Release|Win32
		{7DB13706-F0ED-4EA8-BE14-E4D62D500C67}.Debug|Win32.ActiveCfg = Debug|Win32
		{7DB13706-F0ED-4EA8-BE14-E4D62D500C67}.Debug|Win32.Build.0 = Debug|Win32
		{7DB13706-F0ED-4EA8-BE14-E4D62D500C67}.Release|Win32.ActiveCfg = Release|Win32
		{7DB13706-F0ED-4EA8-BE14-E4D62D500C67}.Release|Win32.Build.0 = Release|Win32
		{447B72EF-4B7D-4200-A92E-BDE789576117}.Debug|Win32.ActiveCfg = Debug|Win32
		{447B72EF-4B7D-4200-A92E-BDE789576117}.Debug|Win32.Build.0 = Debug|Win32
		{447B72EF-4B7D-4200-A92E-BDE789576117}.Release|Win32.ActiveCfg = Release|Win32
		{447B72EF-4B7D-4200-A92E-BDE789576117}.Release|Win32.Build.0 = Release|Win32
		{D2CA8DB5-A2DE-4EF9-B967-0F639736469F}.Debug|Win32.ActiveCfg = Debug|Win32
		{D2CA8DB5-A2DE-4EF9-B967-0F639736469F}.Debug|Win32.Build.0 = Debug|Win32
		{D2CA8DB5-A2DE-4EF9-B967-0F639736469F}.Release|Win32.ActiveCfg = Release|Win32
		{D2CA8DB5-A2DE-4EF9-B967-0F639736469F}.Release|Win32.Build.0 = Release|Win32
		{D5E571BF-0C2E-4513-8BF0-A7A54E4EA973}.Debug|Win32.ActiveCfg = Debug|Win32
		{D5E571BF-0C2E-4513-8BF0-A7A54E4EA973}.Debug|Win32.Build.0 = Debug|Win32
		{D5E571BF-0C2E-4513-8BF0-A7A54E4EA973}.Release|Win32.ActiveCfg = Release|Win32
		{D5E571BF-0C2E-4513-8BF0-A7A54E4EA973}.Release|Win32.Build.0 = Release|Win32
		{F33BDEB3-AC58-4A0C-8E4C-3671A9C8F217}.Debug|Win32.ActiveCfg = Debug|Win32
		{F33BDEB3-AC58-4A0C-8E4C-3671A9C8F217}.Debug|Win32.Build.0 = Debug|Win32
		{F33BDEB3-AC58-4A0C-8E4C-3671A9C8F217}.Release|Win32.ActiveCfg = Release|Win32
		{F33BDEB3-AC58-4A0C-8E4C-3671A9C8F217}.Release|Win32.Build.0 = Release|Win32
		{961D1F90-2AF9-4D8B-B1D5-061EB3CA4474}.Debug|Win32.ActiveCfg = Debug|Win32
		{961D1F90-2AF9-4D8B-B1D5-061EB3CA4474}.Debug|Win32.Build.0 = Debug|Win32
		{961D1F90-2AF9-4D8B-B1D5-061EB3CA4474}.Release|Win32.ActiveCfg = Release|Win32
		{961D1F90-2AF9-4D8B-B1D5-061EB3CA4474}.Release|Win32.Build.0 = Release|Win32
		{36CA5C15-A7E6-4451-AE8E-8AD61754F970}.Debug|Win32.ActiveCfg = Debug|Win32
		{36CA5C15-A7E6-4451-AE8E-8AD61754F970}.Debug|Win32.Build.0 = Debug|Win32
		{36CA5C15-A7E6-4451-AE8E-8AD61754F970}.Release|Win32.ActiveCfg = Release|Win32
		{36CA5C15-A7E6-4451-AE8E-8AD61754F970}.Release|Win32.Build.0 = Release|Win32
		{29831E95-B38D-4460-A46F-A4A4E1EE3941}.Debug|Win32.ActiveCfg = Debug|Win32
		{29831E95-B38D-4460-A46F-A4A4E1EE3941}.Debug|Win32.Build.0 = Debug|Win32
		{29831E95-B38D-4460-A46F-A4A4E1EE3941}.Release|Win32.ActiveCfg = Release|Win32
		{29831E95-B38D-4460-A46F-A4A4E1EE3941}.Release|Win32.Build.0 = Release|Win32
		{8512A935-1BBB-4A7B-A552-F50824FDD87F}.Debug|Win32.ActiveCfg = Debug|Win32
		{8512A935-1BBB-4A7B-A552-F50824FDD87F}.Debug|Win32.Build.0 = Debug|Win32
		{8512A935-1BBB-4A7B-A552-F50824FDD87F}.Release|Win32.ActiveCfg = Release|Win32
		{8512A935-1BBB-4A7B-A552-F50824FDD87F}.Release|Win32.Build.0 = Release|Win32
		{6755FAA7-967A-4D23-966D-DE4F66234913}.Debug|Win32.ActiveCfg = Debug|Win32
		{6755FAA7-967A-4D23-966D-DE4F66234913}.Debug|Win32.Build.0 = Debug|Win32
		{6755FAA7-967A-4D23-966D-DE4F66234913}.Release|Win32.ActiveCfg = Release|Win32
		{6755FAA7-967A-4D23-966D-DE4F66234913}.Release|Win32.Build.0 = Release|Win32
		{C3A1EE8B-C548-4A37-B49A-D322128EE161}.Debug|Win32.ActiveCfg = Debug|Win32
		{C3A1EE8B-C548-4A37-B49A-D322128EE161}.Debug|Win32.Build.0 = Debug|Win32
		{C3A1EE8B-C548-4A37-B49A-D322128EE161}.Release|Win32.ActiveCfg = Release|Win32
		{C3A1EE8B-C548-4A37-B49A-D322128EE161}.Release|Win32.Build.0 = Release|Win32
		{AE9A31F5-1301-4E6D-91A3-E78DF4ABF0EA}.Debug|Win32.ActiveCfg = Debug|Win32
		{AE9A31F5-1301-4E6D-91A3-E78DF4ABF0EA}.Debug|Win32.Build.0 = Debug|Win32
		{AE9A31F5-1301-4E6D-91A3-E78DF4ABF0EA}.Release|Win32.ActiveCfg = Release|Win32
		{AE9A31F5-1301-4E6D-91A3-E78DF4ABF0EA}.Release|Win32.Build.0 = Release|Win32
		{06CA8800-62E7-4FA8-BA7B-3607F27491B8}.Debug|Win32.ActiveCfg = Debug|Win32
		{06CA8800-62E7-4FA8-BA7B-3607F27491B8}.Debug|Win32.Build.0 = Debug|Win32
		{06CA8800-62E7-4FA8-BA7B-3607F27491B8}.Release|Win32.ActiveCfg = Release|Win32
		{06CA8800-62E7-4FA8-BA7B-3607F27491B8}.Release|Win32.Build.0 = Release|Win32
		{C8FB7D64-0A82-4588-8D27-2B7CC6C2EA85}.Debug|Win32.ActiveCfg = Debug|Win32
		{C8FB7D64-0A82-4588-8D27-2B7CC6C2EA85}.Debug|Win32.Build.0 = Debug|Win32
		{C8FB7D64-0A82-4588-8D27-2B7CC6C2EA85}.Release|Win32.ActiveCfg = Release|Win32
		{C8FB7D64-0A82-4588-8D27-2B7CC6C2EA85}.Release|Win32.Build.0 = Release|Win32
		{DB53E05E-3E2E-460D-8B77-9B339FA3DE59}.Debug|Win32.ActiveCfg = Debug|Win32
		{DB53E05E-3E2E-460D-8B77-9B339FA3DE59}.Debug|Win32.Build.0 = Debug|Win32
		{DB53E05E-3E2E-460D-8B77-9B339FA3DE59}.Release|Win32.ActiveCfg = Release|Win32
		{DB53E05E-3E2E-460D-8B77-9B339FA3DE59}.Release|Win32.Build.0 = Release|Win32
		{1FE6A5B7-9504-4119-BC86-13115BEA326B}.Debug|Win32.ActiveCfg = Debug|Win32
		{1FE6A5B7-9504-4119-BC86-13115BEA326B}.Debug|Win32.Build.0 = Debug|Win32
		{1FE6A5B7-9504-4119-BC86-13115BEA326B}.Release|Win32.ActiveCfg = Release|Win32
		{1FE6A5B7-9504-4119-BC86-13115BEA326B}.Release|Win32.Build.0 = Release|Win32
	EndGlobalSection
	GlobalSection(SolutionProperties) = preSolution
		HideSolutionNode = FALSE
	EndGlobalSection
EndGlobal
