Microsoft Visual Studio Solution File, Format Version 8.00
Project("{8BC9CEB8-8B4A-11D0-8D11-00A0C91BC942}") = "All", "All.vcproj", "{0D811160-3A03-4C59-9610-498786BAFECE}"
	ProjectSection(ProjectDependencies) = postProject
		{7DB13706-F0ED-4EA8-BE14-E4D62D500C67} = {7DB13706-F0ED-4EA8-BE14-E4D62D500C67}
		{7DB13706-F0ED-4EA8-BE14-E4D62D500C67} = {7DB13706-F0ED-4EA8-BE14-E4D62D500C67}
		{37FA9C33-4512-4833-A4A7-CCF490ADD732} = {37FA9C33-4512-4833-A4A7-CCF490ADD732}
		{37FA9C33-4512-4833-A4A7-CCF490ADD732} = {37FA9C33-4512-4833-A4A7-CCF490ADD732}
		{8512A935-1BBB-4A7B-A552-F50824FDD87F} = {8512A935-1BBB-4A7B-A552-F50824FDD87F}
		{8512A935-1BBB-4A7B-A552-F50824FDD87F} = {8512A935-1BBB-4A7B-A552-F50824FDD87F}
		{C8FB7D64-0A82-4588-8D27-2B7CC6C2EA85} = {C8FB7D64-0A82-4588-8D27-2B7CC6C2EA85}
		{C8FB7D64-0A82-4588-8D27-2B7CC6C2EA85} = {C8FB7D64-0A82-4588-8D27-2B7CC6C2EA85}
		{961D1F90-2AF9-4D8B-B1D5-061EB3CA4474} = {961D1F90-2AF9-4D8B-B1D5-061EB3CA4474}
		{961D1F90-2AF9-4D8B-B1D5-061EB3CA4474} = {961D1F90-2AF9-4D8B-B1D5-061EB3CA4474}
		{29831E95-B38D-4460-A46F-A4A4E1EE3941} = {29831E95-B38D-4460-A46F-A4A4E1EE3941}
		{29831E95-B38D-4460-A46F-A4A4E1EE3941} = {29831E95-B38D-4460-A46F-A4A4E1EE3941}
		{6755FAA7-967A-4D23-966D-DE4F66234913} = {6755FAA7-967A-4D23-966D-DE4F66234913}
		{6755FAA7-967A-4D23-966D-DE4F66234913} = {6755FAA7-967A-4D23-966D-DE4F66234913}
		{F33BDEB3-AC58-4A0C-8E4C-3671A9C8F217} = {F33BDEB3-AC58-4A0C-8E4C-3671A9C8F217}
		{F33BDEB3-AC58-4A0C-8E4C-3671A9C8F217} = {F33BDEB3-AC58-4A0C-8E4C-3671A9C8F217}
		{D2CA8DB5-A2DE-4EF9-B967-0F639736469F} = {D2CA8DB5-A2DE-4EF9-B967-0F639736469F}
		{D2CA8DB5-A2DE-4EF9-B967-0F639736469F} = {D2CA8DB5-A2DE-4EF9-B967-0F639736469F}
		{61A10AE8-804F-4DCA-AD69-8DB0DA95A75F} = {61A10AE8-804F-4DCA-AD69-8DB0DA95A75F}
		{61A10AE8-804F-4DCA-AD69-8DB0DA95A75F} = {61A10AE8-804F-4DCA-AD69-8DB0DA95A75F}
		{447B72EF-4B7D-4200-A92E-BDE789576117} = {447B72EF-4B7D-4200-A92E-BDE789576117}
		{447B72EF-4B7D-4200-A92E-BDE789576117} = {447B72EF-4B7D-4200-A92E-BDE789576117}
		{AE9A31F5-1301-4E6D-91A3-E78DF4ABF0EA} = {AE9A31F5-1301-4E6D-91A3-E78DF4ABF0EA}
		{AE9A31F5-1301-4E6D-91A3-E78DF4ABF0EA} = {AE9A31F5-1301-4E6D-91A3-E78DF4ABF0EA}
	EndProjectSection
EndProject
Project("{8BC9CEB8-8B4A-11D0-8D11-00A0C91BC942}") = "CAM", "CAM.vcproj", "{37FA9C33-4512-4833-A4A7-CCF490ADD732}"
	ProjectSection(ProjectDependencies) = postProject
		{8512A935-1BBB-4A7B-A552-F50824FDD87F} = {8512A935-1BBB-4A7B-A552-F50824FDD87F}
		{961D1F90-2AF9-4D8B-B1D5-061EB3CA4474} = {961D1F90-2AF9-4D8B-B1D5-061EB3CA4474}
		{29831E95-B38D-4460-A46F-A4A4E1EE3941} = {29831E95-B38D-4460-A46F-A4A4E1EE3941}
	EndProjectSection
EndProject
Project("{8BC9CEB8-8B4A-11D0-8D11-00A0C91BC942}") = "LogWindow", "LogWindow.vcproj", "{7DB13706-F0ED-4EA8-BE14-E4D62D500C67}"
	ProjectSection(ProjectDependencies) = postProject
		{8512A935-1BBB-4A7B-A552-F50824FDD87F} = {8512A935-1BBB-4A7B-A552-F50824FDD87F}
		{961D1F90-2AF9-4D8B-B1D5-061EB3CA4474} = {961D1F90-2AF9-4D8B-B1D5-061EB3CA4474}
	EndProjectSection
EndProject
Project("{8BC9CEB8-8B4A-11D0-8D11-00A0C91BC942}") = "OBJECT", "OBJECT.vcproj", "{447B72EF-4B7D-4200-A92E-BDE789576117}"
	ProjectSection(ProjectDependencies) = postProject
		{8512A935-1BBB-4A7B-A552-F50824FDD87F} = {8512A935-1BBB-4A7B-A552-F50824FDD87F}
	EndProjectSection
EndProject
Project("{8BC9CEB8-8B4A-11D0-8D11-00A0C91BC942}") = "OCCViewer", "OCCViewer.vcproj", "{61A10AE8-804F-4DCA-AD69-8DB0DA95A75F}"
	ProjectSection(ProjectDependencies) = postProject
		{8512A935-1BBB-4A7B-A552-F50824FDD87F} = {8512A935-1BBB-4A7B-A552-F50824FDD87F}
		{961D1F90-2AF9-4D8B-B1D5-061EB3CA4474} = {961D1F90-2AF9-4D8B-B1D5-061EB3CA4474}
	EndProjectSection
EndProject
Project("{8BC9CEB8-8B4A-11D0-8D11-00A0C91BC942}") = "ObjBrowser", "ObjBrowser.vcproj", "{D2CA8DB5-A2DE-4EF9-B967-0F639736469F}"
	ProjectSection(ProjectDependencies) = postProject
		{8512A935-1BBB-4A7B-A552-F50824FDD87F} = {8512A935-1BBB-4A7B-A552-F50824FDD87F}
		{961D1F90-2AF9-4D8B-B1D5-061EB3CA4474} = {961D1F90-2AF9-4D8B-B1D5-061EB3CA4474}
	EndProjectSection
EndProject
Project("{8BC9CEB8-8B4A-11D0-8D11-00A0C91BC942}") = "Prs", "Prs.vcproj", "{F33BDEB3-AC58-4A0C-8E4C-3671A9C8F217}"
	ProjectSection(ProjectDependencies) = postProject
	EndProjectSection
EndProject
Project("{8BC9CEB8-8B4A-11D0-8D11-00A0C91BC942}") = "Qtx", "Qtx.vcproj", "{961D1F90-2AF9-4D8B-B1D5-061EB3CA4474}"
	ProjectSection(ProjectDependencies) = postProject
	EndProjectSection
EndProject
Project("{8BC9CEB8-8B4A-11D0-8D11-00A0C91BC942}") = "STD", "STD.vcproj", "{29831E95-B38D-4460-A46F-A4A4E1EE3941}"
	ProjectSection(ProjectDependencies) = postProject
		{8512A935-1BBB-4A7B-A552-F50824FDD87F} = {8512A935-1BBB-4A7B-A552-F50824FDD87F}
		{961D1F90-2AF9-4D8B-B1D5-061EB3CA4474} = {961D1F90-2AF9-4D8B-B1D5-061EB3CA4474}
	EndProjectSection
EndProject
Project("{8BC9CEB8-8B4A-11D0-8D11-00A0C91BC942}") = "SUIT", "SUIT.vcproj", "{8512A935-1BBB-4A7B-A552-F50824FDD87F}"
	ProjectSection(ProjectDependencies) = postProject
		{961D1F90-2AF9-4D8B-B1D5-061EB3CA4474} = {961D1F90-2AF9-4D8B-B1D5-061EB3CA4474}
	EndProjectSection
EndProject
Project("{8BC9CEB8-8B4A-11D0-8D11-00A0C91BC942}") = "SUITApp", "SUITApp.vcproj", "{6755FAA7-967A-4D23-966D-DE4F66234913}"
	ProjectSection(ProjectDependencies) = postProject
		{8512A935-1BBB-4A7B-A552-F50824FDD87F} = {8512A935-1BBB-4A7B-A552-F50824FDD87F}
		{961D1F90-2AF9-4D8B-B1D5-061EB3CA4474} = {961D1F90-2AF9-4D8B-B1D5-061EB3CA4474}
	EndProjectSection
EndProject
Project("{8BC9CEB8-8B4A-11D0-8D11-00A0C91BC942}") = "Style", "Style.vcproj", "{AE9A31F5-1301-4E6D-91A3-E78DF4ABF0EA}"
	ProjectSection(ProjectDependencies) = postProject
	EndProjectSection
EndProject
Project("{8BC9CEB8-8B4A-11D0-8D11-00A0C91BC942}") = "LightApp", "LightApp.vcproj", "{C8FB7D64-0A82-4588-8D27-2B7CC6C2EA85}"
	ProjectSection(ProjectDependencies) = postProject
		{7DB13706-F0ED-4EA8-BE14-E4D62D500C67} = {7DB13706-F0ED-4EA8-BE14-E4D62D500C67}
		{37FA9C33-4512-4833-A4A7-CCF490ADD732} = {37FA9C33-4512-4833-A4A7-CCF490ADD732}
		{8512A935-1BBB-4A7B-A552-F50824FDD87F} = {8512A935-1BBB-4A7B-A552-F50824FDD87F}
		{961D1F90-2AF9-4D8B-B1D5-061EB3CA4474} = {961D1F90-2AF9-4D8B-B1D5-061EB3CA4474}
		{29831E95-B38D-4460-A46F-A4A4E1EE3941} = {29831E95-B38D-4460-A46F-A4A4E1EE3941}
		{F33BDEB3-AC58-4A0C-8E4C-3671A9C8F217} = {F33BDEB3-AC58-4A0C-8E4C-3671A9C8F217}
		{D2CA8DB5-A2DE-4EF9-B967-0F639736469F} = {D2CA8DB5-A2DE-4EF9-B967-0F639736469F}
		{61A10AE8-804F-4DCA-AD69-8DB0DA95A75F} = {61A10AE8-804F-4DCA-AD69-8DB0DA95A75F}
	EndProjectSection
EndProject
Global
	GlobalSection(SourceCodeControl) = preSolution
		SccNumberOfProjects = 14
		SccProjectName0 = GUI_WNT/adm/win32
		SccLocalPath0 = .
		SccProvider0 = MSSCCI:Jalindi\u0020Igloo
		CanCheckoutShared = true
		SolutionUniqueID = {57899EA5-42E1-4CFF-B1EE-FBF01D75498B}
		SccProjectUniqueName1 = All.vcproj
		SccLocalPath1 = .
		CanCheckoutShared = true
		SccProjectUniqueName2 = CAM.vcproj
		SccLocalPath2 = .
		CanCheckoutShared = true
		SccProjectUniqueName3 = LogWindow.vcproj
		SccLocalPath3 = .
		CanCheckoutShared = true
		SccProjectUniqueName4 = OBJECT.vcproj
		SccLocalPath4 = .
		CanCheckoutShared = true
		SccProjectUniqueName5 = OCCViewer.vcproj
		SccLocalPath5 = .
		CanCheckoutShared = true
		SccProjectUniqueName6 = ObjBrowser.vcproj
		SccLocalPath6 = .
		CanCheckoutShared = true
		SccProjectUniqueName7 = Prs.vcproj
		SccLocalPath7 = .
		CanCheckoutShared = true
		SccProjectUniqueName8 = Qtx.vcproj
		SccLocalPath8 = .
		CanCheckoutShared = true
		SccProjectUniqueName9 = STD.vcproj
		SccLocalPath9 = .
		CanCheckoutShared = true
		SccProjectUniqueName10 = SUIT.vcproj
		SccLocalPath10 = .
		CanCheckoutShared = true
		SccProjectUniqueName11 = SUITApp.vcproj
		SccLocalPath11 = .
		CanCheckoutShared = true
		SccProjectUniqueName12 = Style.vcproj
		SccLocalPath12 = .
		CanCheckoutShared = true
		SccProjectUniqueName13 = LightApp.vcproj
		SccLocalPath13 = .
		CanCheckoutShared = true
	EndGlobalSection
	GlobalSection(SolutionConfiguration) = preSolution
		Debug = Debug
		Release = Release
	EndGlobalSection
	GlobalSection(ProjectConfiguration) = postSolution
		{0D811160-3A03-4C59-9610-498786BAFECE}.Debug.ActiveCfg = Debug|Win32
		{0D811160-3A03-4C59-9610-498786BAFECE}.Debug.Build.0 = Debug|Win32
		{0D811160-3A03-4C59-9610-498786BAFECE}.Release.ActiveCfg = Release|Win32
		{0D811160-3A03-4C59-9610-498786BAFECE}.Release.Build.0 = Release|Win32
		{37FA9C33-4512-4833-A4A7-CCF490ADD732}.Debug.ActiveCfg = Debug|Win32
		{37FA9C33-4512-4833-A4A7-CCF490ADD732}.Debug.Build.0 = Debug|Win32
		{37FA9C33-4512-4833-A4A7-CCF490ADD732}.Release.ActiveCfg = Release|Win32
		{37FA9C33-4512-4833-A4A7-CCF490ADD732}.Release.Build.0 = Release|Win32
		{7DB13706-F0ED-4EA8-BE14-E4D62D500C67}.Debug.ActiveCfg = Debug|Win32
		{7DB13706-F0ED-4EA8-BE14-E4D62D500C67}.Debug.Build.0 = Debug|Win32
		{7DB13706-F0ED-4EA8-BE14-E4D62D500C67}.Release.ActiveCfg = Release|Win32
		{7DB13706-F0ED-4EA8-BE14-E4D62D500C67}.Release.Build.0 = Release|Win32
		{447B72EF-4B7D-4200-A92E-BDE789576117}.Debug.ActiveCfg = Debug|Win32
		{447B72EF-4B7D-4200-A92E-BDE789576117}.Debug.Build.0 = Debug|Win32
		{447B72EF-4B7D-4200-A92E-BDE789576117}.Release.ActiveCfg = Release|Win32
		{447B72EF-4B7D-4200-A92E-BDE789576117}.Release.Build.0 = Release|Win32
		{61A10AE8-804F-4DCA-AD69-8DB0DA95A75F}.Debug.ActiveCfg = Debug|Win32
		{61A10AE8-804F-4DCA-AD69-8DB0DA95A75F}.Debug.Build.0 = Debug|Win32
		{61A10AE8-804F-4DCA-AD69-8DB0DA95A75F}.Release.ActiveCfg = Release|Win32
		{61A10AE8-804F-4DCA-AD69-8DB0DA95A75F}.Release.Build.0 = Release|Win32
		{D2CA8DB5-A2DE-4EF9-B967-0F639736469F}.Debug.ActiveCfg = Debug|Win32
		{D2CA8DB5-A2DE-4EF9-B967-0F639736469F}.Debug.Build.0 = Debug|Win32
		{D2CA8DB5-A2DE-4EF9-B967-0F639736469F}.Release.ActiveCfg = Release|Win32
		{D2CA8DB5-A2DE-4EF9-B967-0F639736469F}.Release.Build.0 = Release|Win32
		{F33BDEB3-AC58-4A0C-8E4C-3671A9C8F217}.Debug.ActiveCfg = Debug|Win32
		{F33BDEB3-AC58-4A0C-8E4C-3671A9C8F217}.Debug.Build.0 = Debug|Win32
		{F33BDEB3-AC58-4A0C-8E4C-3671A9C8F217}.Release.ActiveCfg = Release|Win32
		{F33BDEB3-AC58-4A0C-8E4C-3671A9C8F217}.Release.Build.0 = Release|Win32
		{961D1F90-2AF9-4D8B-B1D5-061EB3CA4474}.Debug.ActiveCfg = Debug|Win32
		{961D1F90-2AF9-4D8B-B1D5-061EB3CA4474}.Debug.Build.0 = Debug|Win32
		{961D1F90-2AF9-4D8B-B1D5-061EB3CA4474}.Release.ActiveCfg = Release|Win32
		{961D1F90-2AF9-4D8B-B1D5-061EB3CA4474}.Release.Build.0 = Release|Win32
		{29831E95-B38D-4460-A46F-A4A4E1EE3941}.Debug.ActiveCfg = Debug|Win32
		{29831E95-B38D-4460-A46F-A4A4E1EE3941}.Debug.Build.0 = Debug|Win32
		{29831E95-B38D-4460-A46F-A4A4E1EE3941}.Release.ActiveCfg = Release|Win32
		{29831E95-B38D-4460-A46F-A4A4E1EE3941}.Release.Build.0 = Release|Win32
		{8512A935-1BBB-4A7B-A552-F50824FDD87F}.Debug.ActiveCfg = Debug|Win32
		{8512A935-1BBB-4A7B-A552-F50824FDD87F}.Debug.Build.0 = Debug|Win32
		{8512A935-1BBB-4A7B-A552-F50824FDD87F}.Release.ActiveCfg = Release|Win32
		{8512A935-1BBB-4A7B-A552-F50824FDD87F}.Release.Build.0 = Release|Win32
		{6755FAA7-967A-4D23-966D-DE4F66234913}.Debug.ActiveCfg = Debug|Win32
		{6755FAA7-967A-4D23-966D-DE4F66234913}.Debug.Build.0 = Debug|Win32
		{6755FAA7-967A-4D23-966D-DE4F66234913}.Release.ActiveCfg = Release|Win32
		{6755FAA7-967A-4D23-966D-DE4F66234913}.Release.Build.0 = Release|Win32
		{AE9A31F5-1301-4E6D-91A3-E78DF4ABF0EA}.Debug.ActiveCfg = Debug|Win32
		{AE9A31F5-1301-4E6D-91A3-E78DF4ABF0EA}.Debug.Build.0 = Debug|Win32
		{AE9A31F5-1301-4E6D-91A3-E78DF4ABF0EA}.Release.ActiveCfg = Release|Win32
		{AE9A31F5-1301-4E6D-91A3-E78DF4ABF0EA}.Release.Build.0 = Release|Win32
		{C8FB7D64-0A82-4588-8D27-2B7CC6C2EA85}.Debug.ActiveCfg = Debug|Win32
		{C8FB7D64-0A82-4588-8D27-2B7CC6C2EA85}.Debug.Build.0 = Debug|Win32
		{C8FB7D64-0A82-4588-8D27-2B7CC6C2EA85}.Release.ActiveCfg = Release|Win32
		{C8FB7D64-0A82-4588-8D27-2B7CC6C2EA85}.Release.Build.0 = Release|Win32
	EndGlobalSection
	GlobalSection(ExtensibilityGlobals) = postSolution
	EndGlobalSection
	GlobalSection(ExtensibilityAddIns) = postSolution
	EndGlobalSection
EndGlobal
